// !$*UTF8*$!
{
	archiveVersion = 1;
	classes = {
	};
	objectVersion = 50;
	objects = {

/* Begin PBXBuildFile section */
		9D12203A2340B40C00052F00 /* ClassUtil.swift in Sources */ = {isa = PBXBuildFile; fileRef = 9D1220392340B40C00052F00 /* ClassUtil.swift */; };
		9D12203C2340B44200052F00 /* ClassUtilTests.swift in Sources */ = {isa = PBXBuildFile; fileRef = 9D12203B2340B44200052F00 /* ClassUtilTests.swift */; };
		9D12203D2340B4EF00052F00 /* ClassUtil.swift in Sources */ = {isa = PBXBuildFile; fileRef = 9D1220392340B40C00052F00 /* ClassUtil.swift */; };
		9D12203E2340B4EF00052F00 /* ClassUtil.swift in Sources */ = {isa = PBXBuildFile; fileRef = 9D1220392340B40C00052F00 /* ClassUtil.swift */; };
		9D12203F2340B4F000052F00 /* ClassUtil.swift in Sources */ = {isa = PBXBuildFile; fileRef = 9D1220392340B40C00052F00 /* ClassUtil.swift */; };
		9D1220422340B50B00052F00 /* ClassUtilTests.swift in Sources */ = {isa = PBXBuildFile; fileRef = 9D12203B2340B44200052F00 /* ClassUtilTests.swift */; };
		9D1557CD23FC1C2500AA7F28 /* DateUtilMoreTests.swift in Sources */ = {isa = PBXBuildFile; fileRef = 9D1557CC23FC1C2500AA7F28 /* DateUtilMoreTests.swift */; };
		9D3477AB22F20DCD0029BE85 /* CGUtil.swift in Sources */ = {isa = PBXBuildFile; fileRef = 9D3477AA22F20DCD0029BE85 /* CGUtil.swift */; };
		9D3477AC22F20DF20029BE85 /* CGUtil.swift in Sources */ = {isa = PBXBuildFile; fileRef = 9D3477AA22F20DCD0029BE85 /* CGUtil.swift */; };
		9D37783922F9639C00D040FC /* NUConstraintsUtil.swift in Sources */ = {isa = PBXBuildFile; fileRef = 9D37783822F9639C00D040FC /* NUConstraintsUtil.swift */; };
		9D69021422FB638600BE0FDF /* StringUtil.swift in Sources */ = {isa = PBXBuildFile; fileRef = 9D69020C22FB62F200BE0FDF /* StringUtil.swift */; };
		9D69021522FB638600BE0FDF /* StringUtil.swift in Sources */ = {isa = PBXBuildFile; fileRef = 9D69020C22FB62F200BE0FDF /* StringUtil.swift */; };
		9D69021822FB675800BE0FDF /* StringUtilTests.swift in Sources */ = {isa = PBXBuildFile; fileRef = 9D69020E22FB630C00BE0FDF /* StringUtilTests.swift */; };
		9D69021922FB675800BE0FDF /* StringUtilTests.swift in Sources */ = {isa = PBXBuildFile; fileRef = 9D69020E22FB630C00BE0FDF /* StringUtilTests.swift */; };
		9D69021A22FB677F00BE0FDF /* StringUtil.swift in Sources */ = {isa = PBXBuildFile; fileRef = 9D69020C22FB62F200BE0FDF /* StringUtil.swift */; };
		9D69021B22FB677F00BE0FDF /* StringUtil.swift in Sources */ = {isa = PBXBuildFile; fileRef = 9D69020C22FB62F200BE0FDF /* StringUtil.swift */; };
		9D69FB7D23254DA2006E1C55 /* PickerView.swift in Sources */ = {isa = PBXBuildFile; fileRef = 9D69FB7C23254DA2006E1C55 /* PickerView.swift */; };
		9D8113A822EE304000E29C0A /* ViewController.swift in Sources */ = {isa = PBXBuildFile; fileRef = 9DF5F1D122EDA03D00A02DD4 /* ViewController.swift */; };
		9D811A5423B2A24E0014F3FB /* CollectionUtil.swift in Sources */ = {isa = PBXBuildFile; fileRef = 9D811A5323B2A24E0014F3FB /* CollectionUtil.swift */; };
		9D811A5623B2A29E0014F3FB /* CollectionUtilTests.swift in Sources */ = {isa = PBXBuildFile; fileRef = 9D811A5523B2A29E0014F3FB /* CollectionUtilTests.swift */; };
		9D811A5723B2A5F70014F3FB /* CollectionUtil.swift in Sources */ = {isa = PBXBuildFile; fileRef = 9D811A5323B2A24E0014F3FB /* CollectionUtil.swift */; };
		9D98D1E522FB386100A4A834 /* CodableUtil.swift in Sources */ = {isa = PBXBuildFile; fileRef = 9D98D1E422FB386100A4A834 /* CodableUtil.swift */; };
		9D98D1E622FB386100A4A834 /* CodableUtil.swift in Sources */ = {isa = PBXBuildFile; fileRef = 9D98D1E422FB386100A4A834 /* CodableUtil.swift */; };
		9D98D1E722FB386100A4A834 /* CodableUtil.swift in Sources */ = {isa = PBXBuildFile; fileRef = 9D98D1E422FB386100A4A834 /* CodableUtil.swift */; };
		9D98D1E822FB386100A4A834 /* CodableUtil.swift in Sources */ = {isa = PBXBuildFile; fileRef = 9D98D1E422FB386100A4A834 /* CodableUtil.swift */; };
		9D98D1EC22FB387800A4A834 /* CodableUtilTests.swift in Sources */ = {isa = PBXBuildFile; fileRef = 9D98D1E922FB387800A4A834 /* CodableUtilTests.swift */; };
		9D98D1ED22FB387800A4A834 /* CodableUtilTests.swift in Sources */ = {isa = PBXBuildFile; fileRef = 9D98D1E922FB387800A4A834 /* CodableUtilTests.swift */; };
		9DB63EEF2422CA57008DFCF5 /* EnumUtilTests.swift in Sources */ = {isa = PBXBuildFile; fileRef = 9DB63EEE2422CA57008DFCF5 /* EnumUtilTests.swift */; };
		9DB63EF12422CC3C008DFCF5 /* EnumUtil.swift in Sources */ = {isa = PBXBuildFile; fileRef = 9DB63EF02422CC3C008DFCF5 /* EnumUtil.swift */; };
		9DB63EF22422CC8D008DFCF5 /* EnumUtil.swift in Sources */ = {isa = PBXBuildFile; fileRef = 9DB63EF02422CC3C008DFCF5 /* EnumUtil.swift */; };
		9DB8C21E22F975810077D0AB /* NUConstraintsUtil.swift in Sources */ = {isa = PBXBuildFile; fileRef = 9D37783822F9639C00D040FC /* NUConstraintsUtil.swift */; };
		9DCE82E42426CA6D000F0331 /* XCTestUtil.swift in Sources */ = {isa = PBXBuildFile; fileRef = 9DCE82E22426CA33000F0331 /* XCTestUtil.swift */; };
		9DDD13B0241E5DB100557518 /* SharedDefaults.swift in Sources */ = {isa = PBXBuildFile; fileRef = 9DDD13AF241E5DB100557518 /* SharedDefaults.swift */; };
		9DDD13B3241E5E2400557518 /* SharedDefaultsTests.swift in Sources */ = {isa = PBXBuildFile; fileRef = 9DDD13B1241E5DE300557518 /* SharedDefaultsTests.swift */; };
		9DDD13B4241E5E9600557518 /* SharedDefaultsTests.swift in Sources */ = {isa = PBXBuildFile; fileRef = 9DDD13B1241E5DE300557518 /* SharedDefaultsTests.swift */; };
		9DDD13B5241E5EBC00557518 /* SharedDefaults.swift in Sources */ = {isa = PBXBuildFile; fileRef = 9DDD13AF241E5DB100557518 /* SharedDefaults.swift */; };
		9DDD13B6241E5EBD00557518 /* SharedDefaults.swift in Sources */ = {isa = PBXBuildFile; fileRef = 9DDD13AF241E5DB100557518 /* SharedDefaults.swift */; };
		9DDD13B7241E5EBE00557518 /* SharedDefaults.swift in Sources */ = {isa = PBXBuildFile; fileRef = 9DDD13AF241E5DB100557518 /* SharedDefaults.swift */; };
		9DE027B122FB1C4300D8A524 /* SwiftUtilBiPIOSTests.swift in Sources */ = {isa = PBXBuildFile; fileRef = 9DE027B022FB1C4300D8A524 /* SwiftUtilBiPIOSTests.swift */; };
		9DE027BF22FB1C5C00D8A524 /* SwiftUtilBiPMacOSTests.swift in Sources */ = {isa = PBXBuildFile; fileRef = 9DE027BE22FB1C5C00D8A524 /* SwiftUtilBiPMacOSTests.swift */; };
		9DE027C722FB1E0900D8A524 /* CGUtilTests.swift in Sources */ = {isa = PBXBuildFile; fileRef = 9DE027C622FB1E0900D8A524 /* CGUtilTests.swift */; };
		9DE027C822FB1E2900D8A524 /* CGUtil.swift in Sources */ = {isa = PBXBuildFile; fileRef = 9D3477AA22F20DCD0029BE85 /* CGUtil.swift */; };
		9DE027C922FB1E6B00D8A524 /* CGUtil.swift in Sources */ = {isa = PBXBuildFile; fileRef = 9D3477AA22F20DCD0029BE85 /* CGUtil.swift */; };
		9DE027CA22FB1E7300D8A524 /* CGUtilTests.swift in Sources */ = {isa = PBXBuildFile; fileRef = 9DE027C622FB1E0900D8A524 /* CGUtilTests.swift */; };
		9DE027CD22FB232C00D8A524 /* DebugUtilTests.swift in Sources */ = {isa = PBXBuildFile; fileRef = 9DE027CC22FB232C00D8A524 /* DebugUtilTests.swift */; };
		9DE027CE22FB236800D8A524 /* DebugUtil.swift in Sources */ = {isa = PBXBuildFile; fileRef = 9DF5F1CD22ED92A900A02DD4 /* DebugUtil.swift */; };
		9DE027CF22FB238700D8A524 /* DebugUtil.swift in Sources */ = {isa = PBXBuildFile; fileRef = 9DF5F1CD22ED92A900A02DD4 /* DebugUtil.swift */; };
		9DEDA81A22FB3A2200DB079E /* HexUtil.swift in Sources */ = {isa = PBXBuildFile; fileRef = 9DEDA81822FB3A2100DB079E /* HexUtil.swift */; };
		9DEDA81B22FB3A2200DB079E /* DictUtil.swift in Sources */ = {isa = PBXBuildFile; fileRef = 9DEDA81922FB3A2200DB079E /* DictUtil.swift */; };
		9DEDA82022FB3A4600DB079E /* DictUtil.swift in Sources */ = {isa = PBXBuildFile; fileRef = 9DEDA81922FB3A2200DB079E /* DictUtil.swift */; };
		9DEDA82122FB3A4600DB079E /* HexUtil.swift in Sources */ = {isa = PBXBuildFile; fileRef = 9DEDA81822FB3A2100DB079E /* HexUtil.swift */; };
		9DEDA82222FB3A4700DB079E /* DictUtil.swift in Sources */ = {isa = PBXBuildFile; fileRef = 9DEDA81922FB3A2200DB079E /* DictUtil.swift */; };
		9DEDA82322FB3A4700DB079E /* HexUtil.swift in Sources */ = {isa = PBXBuildFile; fileRef = 9DEDA81822FB3A2100DB079E /* HexUtil.swift */; };
		9DEDA82422FB3A4700DB079E /* DictUtil.swift in Sources */ = {isa = PBXBuildFile; fileRef = 9DEDA81922FB3A2200DB079E /* DictUtil.swift */; };
		9DEDA82522FB3A4700DB079E /* HexUtil.swift in Sources */ = {isa = PBXBuildFile; fileRef = 9DEDA81822FB3A2100DB079E /* HexUtil.swift */; };
		9DEDA82622FB3A4D00DB079E /* DictUtilTests.swift in Sources */ = {isa = PBXBuildFile; fileRef = 9DEDA81D22FB3A3F00DB079E /* DictUtilTests.swift */; };
		9DEDA82722FB3A4D00DB079E /* HexUtilTests.swift in Sources */ = {isa = PBXBuildFile; fileRef = 9DEDA81C22FB3A3F00DB079E /* HexUtilTests.swift */; };
		9DEDA82822FB3A4E00DB079E /* DictUtilTests.swift in Sources */ = {isa = PBXBuildFile; fileRef = 9DEDA81D22FB3A3F00DB079E /* DictUtilTests.swift */; };
		9DEDA82922FB3A4E00DB079E /* HexUtilTests.swift in Sources */ = {isa = PBXBuildFile; fileRef = 9DEDA81C22FB3A3F00DB079E /* HexUtilTests.swift */; };
		9DEDA82D22FB3B2A00DB079E /* RegexUtil.swift in Sources */ = {isa = PBXBuildFile; fileRef = 9DEDA82A22FB3B2A00DB079E /* RegexUtil.swift */; };
		9DEDA82F22FB3B2A00DB079E /* OptionalUtil.swift in Sources */ = {isa = PBXBuildFile; fileRef = 9DEDA82C22FB3B2A00DB079E /* OptionalUtil.swift */; };
		9DEDA83622FB3CC900DB079E /* OptionalUtil.swift in Sources */ = {isa = PBXBuildFile; fileRef = 9DEDA82C22FB3B2A00DB079E /* OptionalUtil.swift */; };
		9DEDA83722FB3CCA00DB079E /* OptionalUtil.swift in Sources */ = {isa = PBXBuildFile; fileRef = 9DEDA82C22FB3B2A00DB079E /* OptionalUtil.swift */; };
		9DEDA83822FB3CCB00DB079E /* OptionalUtil.swift in Sources */ = {isa = PBXBuildFile; fileRef = 9DEDA82C22FB3B2A00DB079E /* OptionalUtil.swift */; };
		9DEDA83922FB3CCE00DB079E /* RegexUtil.swift in Sources */ = {isa = PBXBuildFile; fileRef = 9DEDA82A22FB3B2A00DB079E /* RegexUtil.swift */; };
		9DEDA83A22FB3CCF00DB079E /* RegexUtil.swift in Sources */ = {isa = PBXBuildFile; fileRef = 9DEDA82A22FB3B2A00DB079E /* RegexUtil.swift */; };
		9DEDA83B22FB3CCF00DB079E /* RegexUtil.swift in Sources */ = {isa = PBXBuildFile; fileRef = 9DEDA82A22FB3B2A00DB079E /* RegexUtil.swift */; };
		9DEDA83C22FB3CD500DB079E /* OptionaUtilTests.swift in Sources */ = {isa = PBXBuildFile; fileRef = 9DEDA83022FB3B4600DB079E /* OptionaUtilTests.swift */; };
		9DEDA83D22FB3CD500DB079E /* OptionaUtilTests.swift in Sources */ = {isa = PBXBuildFile; fileRef = 9DEDA83022FB3B4600DB079E /* OptionaUtilTests.swift */; };
		9DEDA83E22FB3CDA00DB079E /* RegexUtilTests.swift in Sources */ = {isa = PBXBuildFile; fileRef = 9DEDA83122FB3B4600DB079E /* RegexUtilTests.swift */; };
		9DEDA83F22FB3CDA00DB079E /* RegexUtilTests.swift in Sources */ = {isa = PBXBuildFile; fileRef = 9DEDA83122FB3B4600DB079E /* RegexUtilTests.swift */; };
		9DEDA84922FB3DED00DB079E /* UIUtilTest.swift in Sources */ = {isa = PBXBuildFile; fileRef = 9DEDA84422FB3DD900DB079E /* UIUtilTest.swift */; };
		9DEDA84A22FB3DEE00DB079E /* UIUtilTest.swift in Sources */ = {isa = PBXBuildFile; fileRef = 9DEDA84422FB3DD900DB079E /* UIUtilTest.swift */; };
		9DEDA84C22FB3DF400DB079E /* UIUtil.swift in Sources */ = {isa = PBXBuildFile; fileRef = 9DEDA84022FB3DAC00DB079E /* UIUtil.swift */; };
		9DEDA85922FB453F00DB079E /* DateUtilTests.swift in Sources */ = {isa = PBXBuildFile; fileRef = 9DEDA85322FB44E300DB079E /* DateUtilTests.swift */; };
		9DEDA85A22FB454A00DB079E /* DateUtil.swift in Sources */ = {isa = PBXBuildFile; fileRef = 9DEDA85122FB44D000DB079E /* DateUtil.swift */; };
		9DEDA85C22FB45B000DB079E /* DateUtil.swift in Sources */ = {isa = PBXBuildFile; fileRef = 9DEDA85122FB44D000DB079E /* DateUtil.swift */; };
		9DEDA85D22FB46E100DB079E /* DateUtilTests.swift in Sources */ = {isa = PBXBuildFile; fileRef = 9DEDA85322FB44E300DB079E /* DateUtilTests.swift */; };
		9DEDA85E22FB474D00DB079E /* DateUtil.swift in Sources */ = {isa = PBXBuildFile; fileRef = 9DEDA85122FB44D000DB079E /* DateUtil.swift */; };
		9DEDA85F22FB474F00DB079E /* DateUtil.swift in Sources */ = {isa = PBXBuildFile; fileRef = 9DEDA85122FB44D000DB079E /* DateUtil.swift */; };
		9DF5F1A322ED8EDB00A02DD4 /* AppDelegate.swift in Sources */ = {isa = PBXBuildFile; fileRef = 9DF5F1A222ED8EDB00A02DD4 /* AppDelegate.swift */; };
		9DF5F1A822ED8EDB00A02DD4 /* Main.storyboard in Resources */ = {isa = PBXBuildFile; fileRef = 9DF5F1A622ED8EDB00A02DD4 /* Main.storyboard */; };
		9DF5F1AA22ED8EDC00A02DD4 /* Assets.xcassets in Resources */ = {isa = PBXBuildFile; fileRef = 9DF5F1A922ED8EDC00A02DD4 /* Assets.xcassets */; };
		9DF5F1AD22ED8EDC00A02DD4 /* LaunchScreen.storyboard in Resources */ = {isa = PBXBuildFile; fileRef = 9DF5F1AB22ED8EDC00A02DD4 /* LaunchScreen.storyboard */; };
		9DF5F1BF22ED8F4200A02DD4 /* Assets.xcassets in Resources */ = {isa = PBXBuildFile; fileRef = 9DF5F1BE22ED8F4200A02DD4 /* Assets.xcassets */; };
		9DF5F1C222ED8F4200A02DD4 /* Main.storyboard in Resources */ = {isa = PBXBuildFile; fileRef = 9DF5F1C022ED8F4200A02DD4 /* Main.storyboard */; };
		9DF5F1C922ED904000A02DD4 /* AppDelegate.swift in Sources */ = {isa = PBXBuildFile; fileRef = 9DF5F1A222ED8EDB00A02DD4 /* AppDelegate.swift */; };
		9DF5F1CC22ED927F00A02DD4 /* BiPlatformExtensions.swift in Sources */ = {isa = PBXBuildFile; fileRef = 9DF5F1CB22ED927F00A02DD4 /* BiPlatformExtensions.swift */; };
		9DF5F1CE22ED92A900A02DD4 /* DebugUtil.swift in Sources */ = {isa = PBXBuildFile; fileRef = 9DF5F1CD22ED92A900A02DD4 /* DebugUtil.swift */; };
		9DF5F1CF22ED962700A02DD4 /* DebugUtil.swift in Sources */ = {isa = PBXBuildFile; fileRef = 9DF5F1CD22ED92A900A02DD4 /* DebugUtil.swift */; };
		9DF5F1D022ED962A00A02DD4 /* BiPlatformExtensions.swift in Sources */ = {isa = PBXBuildFile; fileRef = 9DF5F1CB22ED927F00A02DD4 /* BiPlatformExtensions.swift */; };
		9DF5F1D222EDA03D00A02DD4 /* ViewController.swift in Sources */ = {isa = PBXBuildFile; fileRef = 9DF5F1D122EDA03D00A02DD4 /* ViewController.swift */; };
/* End PBXBuildFile section */

/* Begin PBXContainerItemProxy section */
		9DE027B322FB1C4300D8A524 /* PBXContainerItemProxy */ = {
			isa = PBXContainerItemProxy;
			containerPortal = 9DF5F19722ED8EDB00A02DD4 /* Project object */;
			proxyType = 1;
			remoteGlobalIDString = 9DF5F19E22ED8EDB00A02DD4;
			remoteInfo = SwiftUtilBiPIOS;
		};
		9DE027C122FB1C5C00D8A524 /* PBXContainerItemProxy */ = {
			isa = PBXContainerItemProxy;
			containerPortal = 9DF5F19722ED8EDB00A02DD4 /* Project object */;
			proxyType = 1;
			remoteGlobalIDString = 9DF5F1B722ED8F4100A02DD4;
			remoteInfo = SwiftUtilBiPMacOS;
		};
/* End PBXContainerItemProxy section */

/* Begin PBXFileReference section */
		9D1220392340B40C00052F00 /* ClassUtil.swift */ = {isa = PBXFileReference; fileEncoding = 4; lastKnownFileType = sourcecode.swift; path = ClassUtil.swift; sourceTree = "<group>"; };
		9D12203B2340B44200052F00 /* ClassUtilTests.swift */ = {isa = PBXFileReference; lastKnownFileType = sourcecode.swift; path = ClassUtilTests.swift; sourceTree = "<group>"; };
		9D1557CC23FC1C2500AA7F28 /* DateUtilMoreTests.swift */ = {isa = PBXFileReference; lastKnownFileType = sourcecode.swift; path = DateUtilMoreTests.swift; sourceTree = "<group>"; };
		9D3477AA22F20DCD0029BE85 /* CGUtil.swift */ = {isa = PBXFileReference; fileEncoding = 4; lastKnownFileType = sourcecode.swift; path = CGUtil.swift; sourceTree = "<group>"; };
		9D37783822F9639C00D040FC /* NUConstraintsUtil.swift */ = {isa = PBXFileReference; lastKnownFileType = sourcecode.swift; path = NUConstraintsUtil.swift; sourceTree = "<group>"; };
		9D69020C22FB62F200BE0FDF /* StringUtil.swift */ = {isa = PBXFileReference; fileEncoding = 4; lastKnownFileType = sourcecode.swift; path = StringUtil.swift; sourceTree = "<group>"; };
		9D69020E22FB630C00BE0FDF /* StringUtilTests.swift */ = {isa = PBXFileReference; fileEncoding = 4; lastKnownFileType = sourcecode.swift; path = StringUtilTests.swift; sourceTree = "<group>"; };
		9D69FB7C23254DA2006E1C55 /* PickerView.swift */ = {isa = PBXFileReference; fileEncoding = 4; lastKnownFileType = sourcecode.swift; path = PickerView.swift; sourceTree = "<group>"; };
		9D811A5323B2A24E0014F3FB /* CollectionUtil.swift */ = {isa = PBXFileReference; lastKnownFileType = sourcecode.swift; path = CollectionUtil.swift; sourceTree = "<group>"; };
		9D811A5523B2A29E0014F3FB /* CollectionUtilTests.swift */ = {isa = PBXFileReference; lastKnownFileType = sourcecode.swift; path = CollectionUtilTests.swift; sourceTree = "<group>"; };
		9D98D1E422FB386100A4A834 /* CodableUtil.swift */ = {isa = PBXFileReference; fileEncoding = 4; lastKnownFileType = sourcecode.swift; path = CodableUtil.swift; sourceTree = "<group>"; };
		9D98D1E922FB387800A4A834 /* CodableUtilTests.swift */ = {isa = PBXFileReference; fileEncoding = 4; lastKnownFileType = sourcecode.swift; path = CodableUtilTests.swift; sourceTree = "<group>"; };
		9DB63EEE2422CA57008DFCF5 /* EnumUtilTests.swift */ = {isa = PBXFileReference; lastKnownFileType = sourcecode.swift; path = EnumUtilTests.swift; sourceTree = "<group>"; };
		9DB63EF02422CC3C008DFCF5 /* EnumUtil.swift */ = {isa = PBXFileReference; lastKnownFileType = sourcecode.swift; path = EnumUtil.swift; sourceTree = "<group>"; };
		9DCE82E22426CA33000F0331 /* XCTestUtil.swift */ = {isa = PBXFileReference; lastKnownFileType = sourcecode.swift; path = XCTestUtil.swift; sourceTree = "<group>"; };
		9DDD13AF241E5DB100557518 /* SharedDefaults.swift */ = {isa = PBXFileReference; fileEncoding = 4; lastKnownFileType = sourcecode.swift; path = SharedDefaults.swift; sourceTree = "<group>"; };
		9DDD13B1241E5DE300557518 /* SharedDefaultsTests.swift */ = {isa = PBXFileReference; fileEncoding = 4; lastKnownFileType = sourcecode.swift; path = SharedDefaultsTests.swift; sourceTree = "<group>"; };
		9DE027AE22FB1C4300D8A524 /* SwiftUtilBiPIOSTests.xctest */ = {isa = PBXFileReference; explicitFileType = wrapper.cfbundle; includeInIndex = 0; path = SwiftUtilBiPIOSTests.xctest; sourceTree = BUILT_PRODUCTS_DIR; };
		9DE027B022FB1C4300D8A524 /* SwiftUtilBiPIOSTests.swift */ = {isa = PBXFileReference; lastKnownFileType = sourcecode.swift; path = SwiftUtilBiPIOSTests.swift; sourceTree = "<group>"; };
		9DE027B222FB1C4300D8A524 /* Info.plist */ = {isa = PBXFileReference; lastKnownFileType = text.plist.xml; path = Info.plist; sourceTree = "<group>"; };
		9DE027BC22FB1C5C00D8A524 /* SwiftUtilBiPMacOSTests.xctest */ = {isa = PBXFileReference; explicitFileType = wrapper.cfbundle; includeInIndex = 0; path = SwiftUtilBiPMacOSTests.xctest; sourceTree = BUILT_PRODUCTS_DIR; };
		9DE027BE22FB1C5C00D8A524 /* SwiftUtilBiPMacOSTests.swift */ = {isa = PBXFileReference; lastKnownFileType = sourcecode.swift; path = SwiftUtilBiPMacOSTests.swift; sourceTree = "<group>"; };
		9DE027C022FB1C5C00D8A524 /* Info.plist */ = {isa = PBXFileReference; lastKnownFileType = text.plist.xml; path = Info.plist; sourceTree = "<group>"; };
		9DE027C622FB1E0900D8A524 /* CGUtilTests.swift */ = {isa = PBXFileReference; fileEncoding = 4; lastKnownFileType = sourcecode.swift; path = CGUtilTests.swift; sourceTree = "<group>"; };
		9DE027CC22FB232C00D8A524 /* DebugUtilTests.swift */ = {isa = PBXFileReference; fileEncoding = 4; lastKnownFileType = sourcecode.swift; path = DebugUtilTests.swift; sourceTree = "<group>"; };
		9DEDA81822FB3A2100DB079E /* HexUtil.swift */ = {isa = PBXFileReference; fileEncoding = 4; lastKnownFileType = sourcecode.swift; path = HexUtil.swift; sourceTree = "<group>"; };
		9DEDA81922FB3A2200DB079E /* DictUtil.swift */ = {isa = PBXFileReference; fileEncoding = 4; lastKnownFileType = sourcecode.swift; path = DictUtil.swift; sourceTree = "<group>"; };
		9DEDA81C22FB3A3F00DB079E /* HexUtilTests.swift */ = {isa = PBXFileReference; fileEncoding = 4; lastKnownFileType = sourcecode.swift; path = HexUtilTests.swift; sourceTree = "<group>"; };
		9DEDA81D22FB3A3F00DB079E /* DictUtilTests.swift */ = {isa = PBXFileReference; fileEncoding = 4; lastKnownFileType = sourcecode.swift; path = DictUtilTests.swift; sourceTree = "<group>"; };
		9DEDA82A22FB3B2A00DB079E /* RegexUtil.swift */ = {isa = PBXFileReference; fileEncoding = 4; lastKnownFileType = sourcecode.swift; path = RegexUtil.swift; sourceTree = "<group>"; };
		9DEDA82C22FB3B2A00DB079E /* OptionalUtil.swift */ = {isa = PBXFileReference; fileEncoding = 4; lastKnownFileType = sourcecode.swift; path = OptionalUtil.swift; sourceTree = "<group>"; };
		9DEDA83022FB3B4600DB079E /* OptionaUtilTests.swift */ = {isa = PBXFileReference; fileEncoding = 4; lastKnownFileType = sourcecode.swift; path = OptionaUtilTests.swift; sourceTree = "<group>"; };
		9DEDA83122FB3B4600DB079E /* RegexUtilTests.swift */ = {isa = PBXFileReference; fileEncoding = 4; lastKnownFileType = sourcecode.swift; path = RegexUtilTests.swift; sourceTree = "<group>"; };
		9DEDA84022FB3DAC00DB079E /* UIUtil.swift */ = {isa = PBXFileReference; fileEncoding = 4; lastKnownFileType = sourcecode.swift; path = UIUtil.swift; sourceTree = "<group>"; };
		9DEDA84422FB3DD900DB079E /* UIUtilTest.swift */ = {isa = PBXFileReference; fileEncoding = 4; lastKnownFileType = sourcecode.swift; path = UIUtilTest.swift; sourceTree = "<group>"; };
		9DEDA85122FB44D000DB079E /* DateUtil.swift */ = {isa = PBXFileReference; fileEncoding = 4; lastKnownFileType = sourcecode.swift; path = DateUtil.swift; sourceTree = "<group>"; };
		9DEDA85322FB44E300DB079E /* DateUtilTests.swift */ = {isa = PBXFileReference; fileEncoding = 4; lastKnownFileType = sourcecode.swift; path = DateUtilTests.swift; sourceTree = "<group>"; };
		9DF5F19F22ED8EDB00A02DD4 /* SwiftUtilBiPIOS.app */ = {isa = PBXFileReference; explicitFileType = wrapper.application; includeInIndex = 0; path = SwiftUtilBiPIOS.app; sourceTree = BUILT_PRODUCTS_DIR; };
		9DF5F1A222ED8EDB00A02DD4 /* AppDelegate.swift */ = {isa = PBXFileReference; lastKnownFileType = sourcecode.swift; path = AppDelegate.swift; sourceTree = "<group>"; };
		9DF5F1A722ED8EDB00A02DD4 /* Base */ = {isa = PBXFileReference; lastKnownFileType = file.storyboard; name = Base; path = Base.lproj/Main.storyboard; sourceTree = "<group>"; };
		9DF5F1A922ED8EDC00A02DD4 /* Assets.xcassets */ = {isa = PBXFileReference; lastKnownFileType = folder.assetcatalog; path = Assets.xcassets; sourceTree = "<group>"; };
		9DF5F1AC22ED8EDC00A02DD4 /* Base */ = {isa = PBXFileReference; lastKnownFileType = file.storyboard; name = Base; path = Base.lproj/LaunchScreen.storyboard; sourceTree = "<group>"; };
		9DF5F1AE22ED8EDC00A02DD4 /* Info.plist */ = {isa = PBXFileReference; lastKnownFileType = text.plist.xml; path = Info.plist; sourceTree = "<group>"; };
		9DF5F1B822ED8F4100A02DD4 /* SwiftUtilBiPMacOS.app */ = {isa = PBXFileReference; explicitFileType = wrapper.application; includeInIndex = 0; path = SwiftUtilBiPMacOS.app; sourceTree = BUILT_PRODUCTS_DIR; };
		9DF5F1BE22ED8F4200A02DD4 /* Assets.xcassets */ = {isa = PBXFileReference; lastKnownFileType = folder.assetcatalog; path = Assets.xcassets; sourceTree = "<group>"; };
		9DF5F1C122ED8F4200A02DD4 /* Base */ = {isa = PBXFileReference; lastKnownFileType = file.storyboard; name = Base; path = Base.lproj/Main.storyboard; sourceTree = "<group>"; };
		9DF5F1C322ED8F4200A02DD4 /* Info.plist */ = {isa = PBXFileReference; lastKnownFileType = text.plist.xml; path = Info.plist; sourceTree = "<group>"; };
		9DF5F1C422ED8F4200A02DD4 /* BiPmacOS.entitlements */ = {isa = PBXFileReference; lastKnownFileType = text.plist.entitlements; path = BiPmacOS.entitlements; sourceTree = "<group>"; };
		9DF5F1CB22ED927F00A02DD4 /* BiPlatformExtensions.swift */ = {isa = PBXFileReference; fileEncoding = 4; lastKnownFileType = sourcecode.swift; path = BiPlatformExtensions.swift; sourceTree = "<group>"; };
		9DF5F1CD22ED92A900A02DD4 /* DebugUtil.swift */ = {isa = PBXFileReference; fileEncoding = 4; lastKnownFileType = sourcecode.swift; path = DebugUtil.swift; sourceTree = "<group>"; };
		9DF5F1D122EDA03D00A02DD4 /* ViewController.swift */ = {isa = PBXFileReference; fileEncoding = 4; lastKnownFileType = sourcecode.swift; name = ViewController.swift; path = Shared/ViewController.swift; sourceTree = SOURCE_ROOT; };
		9DF5F1D422EDAF3300A02DD4 /* README.md */ = {isa = PBXFileReference; lastKnownFileType = net.daringfireball.markdown; path = README.md; sourceTree = "<group>"; };
/* End PBXFileReference section */

/* Begin PBXFrameworksBuildPhase section */
		9DE027AB22FB1C4300D8A524 /* Frameworks */ = {
			isa = PBXFrameworksBuildPhase;
			buildActionMask = 2147483647;
			files = (
			);
			runOnlyForDeploymentPostprocessing = 0;
		};
		9DE027B922FB1C5C00D8A524 /* Frameworks */ = {
			isa = PBXFrameworksBuildPhase;
			buildActionMask = 2147483647;
			files = (
			);
			runOnlyForDeploymentPostprocessing = 0;
		};
		9DF5F19C22ED8EDB00A02DD4 /* Frameworks */ = {
			isa = PBXFrameworksBuildPhase;
			buildActionMask = 2147483647;
			files = (
			);
			runOnlyForDeploymentPostprocessing = 0;
		};
		9DF5F1B522ED8F4100A02DD4 /* Frameworks */ = {
			isa = PBXFrameworksBuildPhase;
			buildActionMask = 2147483647;
			files = (
			);
			runOnlyForDeploymentPostprocessing = 0;
		};
/* End PBXFrameworksBuildPhase section */

/* Begin PBXGroup section */
		9DE027AF22FB1C4300D8A524 /* SwiftUtilBiPIOSTests */ = {
			isa = PBXGroup;
			children = (
				9DE027B022FB1C4300D8A524 /* SwiftUtilBiPIOSTests.swift */,
				9DE027B222FB1C4300D8A524 /* Info.plist */,
			);
			path = SwiftUtilBiPIOSTests;
			sourceTree = "<group>";
		};
		9DE027BD22FB1C5C00D8A524 /* SwiftUtilBiPMacOSTests */ = {
			isa = PBXGroup;
			children = (
				9DE027BE22FB1C5C00D8A524 /* SwiftUtilBiPMacOSTests.swift */,
				9DE027C022FB1C5C00D8A524 /* Info.plist */,
			);
			path = SwiftUtilBiPMacOSTests;
			sourceTree = "<group>";
		};
		9DE027CB22FB1F7700D8A524 /* SharedTests */ = {
			isa = PBXGroup;
			children = (
				9DE027C622FB1E0900D8A524 /* CGUtilTests.swift */,
				9D12203B2340B44200052F00 /* ClassUtilTests.swift */,
				9D98D1E922FB387800A4A834 /* CodableUtilTests.swift */,
				9D811A5523B2A29E0014F3FB /* CollectionUtilTests.swift */,
				9DEDA85322FB44E300DB079E /* DateUtilTests.swift */,
				9D1557CC23FC1C2500AA7F28 /* DateUtilMoreTests.swift */,
				9DE027CC22FB232C00D8A524 /* DebugUtilTests.swift */,
				9DEDA81D22FB3A3F00DB079E /* DictUtilTests.swift */,
				9DB63EEE2422CA57008DFCF5 /* EnumUtilTests.swift */,
				9DEDA81C22FB3A3F00DB079E /* HexUtilTests.swift */,
				9DEDA83022FB3B4600DB079E /* OptionaUtilTests.swift */,
				9DEDA83122FB3B4600DB079E /* RegexUtilTests.swift */,
				9DDD13B1241E5DE300557518 /* SharedDefaultsTests.swift */,
				9D69020E22FB630C00BE0FDF /* StringUtilTests.swift */,
				9DEDA84422FB3DD900DB079E /* UIUtilTest.swift */,
				9DCE82E22426CA33000F0331 /* XCTestUtil.swift */,
			);
			path = SharedTests;
			sourceTree = "<group>";
		};
		9DF5F19622ED8EDB00A02DD4 = {
			isa = PBXGroup;
			children = (
				9DF5F1D422EDAF3300A02DD4 /* README.md */,
				9DF5F1C822ED8F9E00A02DD4 /* Shared */,
				9DF5F1A122ED8EDB00A02DD4 /* BiPiOS */,
				9DF5F1B922ED8F4100A02DD4 /* BiPmacOS */,
				9DE027CB22FB1F7700D8A524 /* SharedTests */,
				9DE027AF22FB1C4300D8A524 /* SwiftUtilBiPIOSTests */,
				9DE027BD22FB1C5C00D8A524 /* SwiftUtilBiPMacOSTests */,
				9DF5F1A022ED8EDB00A02DD4 /* Products */,
			);
			sourceTree = "<group>";
		};
		9DF5F1A022ED8EDB00A02DD4 /* Products */ = {
			isa = PBXGroup;
			children = (
				9DF5F19F22ED8EDB00A02DD4 /* SwiftUtilBiPIOS.app */,
				9DF5F1B822ED8F4100A02DD4 /* SwiftUtilBiPMacOS.app */,
				9DE027AE22FB1C4300D8A524 /* SwiftUtilBiPIOSTests.xctest */,
				9DE027BC22FB1C5C00D8A524 /* SwiftUtilBiPMacOSTests.xctest */,
			);
			name = Products;
			sourceTree = "<group>";
		};
		9DF5F1A122ED8EDB00A02DD4 /* BiPiOS */ = {
			isa = PBXGroup;
			children = (
				9DF5F1A622ED8EDB00A02DD4 /* Main.storyboard */,
				9DF5F1AB22ED8EDC00A02DD4 /* LaunchScreen.storyboard */,
				9DF5F1A922ED8EDC00A02DD4 /* Assets.xcassets */,
				9DF5F1AE22ED8EDC00A02DD4 /* Info.plist */,
			);
			path = BiPiOS;
			sourceTree = "<group>";
		};
		9DF5F1B922ED8F4100A02DD4 /* BiPmacOS */ = {
			isa = PBXGroup;
			children = (
				9DF5F1C022ED8F4200A02DD4 /* Main.storyboard */,
				9DF5F1BE22ED8F4200A02DD4 /* Assets.xcassets */,
				9DF5F1C322ED8F4200A02DD4 /* Info.plist */,
				9DF5F1C422ED8F4200A02DD4 /* BiPmacOS.entitlements */,
			);
			path = BiPmacOS;
			sourceTree = "<group>";
		};
		9DF5F1C822ED8F9E00A02DD4 /* Shared */ = {
			isa = PBXGroup;
			children = (
				9DF5F1D122EDA03D00A02DD4 /* ViewController.swift */,
				9DF5F1A222ED8EDB00A02DD4 /* AppDelegate.swift */,
				9DF5F1CA22ED924A00A02DD4 /* Util */,
			);
			path = Shared;
			sourceTree = "<group>";
		};
		9DF5F1CA22ED924A00A02DD4 /* Util */ = {
			isa = PBXGroup;
			children = (
				9DF5F1CB22ED927F00A02DD4 /* BiPlatformExtensions.swift */,
				9D3477AA22F20DCD0029BE85 /* CGUtil.swift */,
				9D1220392340B40C00052F00 /* ClassUtil.swift */,
				9D98D1E422FB386100A4A834 /* CodableUtil.swift */,
				9D811A5323B2A24E0014F3FB /* CollectionUtil.swift */,
				9DEDA85122FB44D000DB079E /* DateUtil.swift */,
				9DF5F1CD22ED92A900A02DD4 /* DebugUtil.swift */,
				9DEDA81922FB3A2200DB079E /* DictUtil.swift */,
				9DB63EF02422CC3C008DFCF5 /* EnumUtil.swift */,
				9DEDA81822FB3A2100DB079E /* HexUtil.swift */,
				9D37783822F9639C00D040FC /* NUConstraintsUtil.swift */,
				9DEDA82C22FB3B2A00DB079E /* OptionalUtil.swift */,
				9D69FB7C23254DA2006E1C55 /* PickerView.swift */,
				9DEDA82A22FB3B2A00DB079E /* RegexUtil.swift */,
				9DDD13AF241E5DB100557518 /* SharedDefaults.swift */,
				9D69020C22FB62F200BE0FDF /* StringUtil.swift */,
				9DEDA84022FB3DAC00DB079E /* UIUtil.swift */,
			);
			path = Util;
			sourceTree = "<group>";
		};
/* End PBXGroup section */

/* Begin PBXNativeTarget section */
		9DE027AD22FB1C4300D8A524 /* SwiftUtilBiPIOSTests */ = {
			isa = PBXNativeTarget;
			buildConfigurationList = 9DE027B722FB1C4300D8A524 /* Build configuration list for PBXNativeTarget "SwiftUtilBiPIOSTests" */;
			buildPhases = (
				9DE027AA22FB1C4300D8A524 /* Sources */,
				9DE027AB22FB1C4300D8A524 /* Frameworks */,
				9DE027AC22FB1C4300D8A524 /* Resources */,
			);
			buildRules = (
			);
			dependencies = (
				9DE027B422FB1C4300D8A524 /* PBXTargetDependency */,
			);
			name = SwiftUtilBiPIOSTests;
			productName = SwiftUtilBiPIOSTests;
			productReference = 9DE027AE22FB1C4300D8A524 /* SwiftUtilBiPIOSTests.xctest */;
			productType = "com.apple.product-type.bundle.unit-test";
		};
		9DE027BB22FB1C5C00D8A524 /* SwiftUtilBiPMacOSTests */ = {
			isa = PBXNativeTarget;
			buildConfigurationList = 9DE027C322FB1C5C00D8A524 /* Build configuration list for PBXNativeTarget "SwiftUtilBiPMacOSTests" */;
			buildPhases = (
				9DE027B822FB1C5C00D8A524 /* Sources */,
				9DE027B922FB1C5C00D8A524 /* Frameworks */,
				9DE027BA22FB1C5C00D8A524 /* Resources */,
			);
			buildRules = (
			);
			dependencies = (
				9DE027C222FB1C5C00D8A524 /* PBXTargetDependency */,
			);
			name = SwiftUtilBiPMacOSTests;
			productName = SwiftUtilBiPMacOSTests;
			productReference = 9DE027BC22FB1C5C00D8A524 /* SwiftUtilBiPMacOSTests.xctest */;
			productType = "com.apple.product-type.bundle.unit-test";
		};
		9DF5F19E22ED8EDB00A02DD4 /* SwiftUtilBiPIOS */ = {
			isa = PBXNativeTarget;
			buildConfigurationList = 9DF5F1B122ED8EDC00A02DD4 /* Build configuration list for PBXNativeTarget "SwiftUtilBiPIOS" */;
			buildPhases = (
				9DF5F19B22ED8EDB00A02DD4 /* Sources */,
				9DF5F19C22ED8EDB00A02DD4 /* Frameworks */,
				9DF5F19D22ED8EDB00A02DD4 /* Resources */,
			);
			buildRules = (
			);
			dependencies = (
			);
			name = SwiftUtilBiPIOS;
			productName = BiPlatform;
			productReference = 9DF5F19F22ED8EDB00A02DD4 /* SwiftUtilBiPIOS.app */;
			productType = "com.apple.product-type.application";
		};
		9DF5F1B722ED8F4100A02DD4 /* SwiftUtilBiPMacOS */ = {
			isa = PBXNativeTarget;
			buildConfigurationList = 9DF5F1C522ED8F4200A02DD4 /* Build configuration list for PBXNativeTarget "SwiftUtilBiPMacOS" */;
			buildPhases = (
				9DF5F1B422ED8F4100A02DD4 /* Sources */,
				9DF5F1B522ED8F4100A02DD4 /* Frameworks */,
				9DF5F1B622ED8F4100A02DD4 /* Resources */,
			);
			buildRules = (
			);
			dependencies = (
			);
			name = SwiftUtilBiPMacOS;
			productName = BiPlatformMacOS;
			productReference = 9DF5F1B822ED8F4100A02DD4 /* SwiftUtilBiPMacOS.app */;
			productType = "com.apple.product-type.application";
		};
/* End PBXNativeTarget section */

/* Begin PBXProject section */
		9DF5F19722ED8EDB00A02DD4 /* Project object */ = {
			isa = PBXProject;
			attributes = {
				LastSwiftUpdateCheck = 1030;
				LastUpgradeCheck = 1200;
				ORGANIZATIONNAME = "Rudolf Farkas";
				TargetAttributes = {
					9DE027AD22FB1C4300D8A524 = {
						CreatedOnToolsVersion = 10.3;
						TestTargetID = 9DF5F19E22ED8EDB00A02DD4;
					};
					9DE027BB22FB1C5C00D8A524 = {
						CreatedOnToolsVersion = 10.3;
						TestTargetID = 9DF5F1B722ED8F4100A02DD4;
					};
					9DF5F19E22ED8EDB00A02DD4 = {
						CreatedOnToolsVersion = 10.3;
					};
					9DF5F1B722ED8F4100A02DD4 = {
						CreatedOnToolsVersion = 10.3;
					};
				};
			};
			buildConfigurationList = 9DF5F19A22ED8EDB00A02DD4 /* Build configuration list for PBXProject "SwiftUtilBiP" */;
			compatibilityVersion = "Xcode 9.3";
			developmentRegion = en;
			hasScannedForEncodings = 0;
			knownRegions = (
				en,
				Base,
			);
			mainGroup = 9DF5F19622ED8EDB00A02DD4;
			productRefGroup = 9DF5F1A022ED8EDB00A02DD4 /* Products */;
			projectDirPath = "";
			projectRoot = "";
			targets = (
				9DF5F19E22ED8EDB00A02DD4 /* SwiftUtilBiPIOS */,
				9DF5F1B722ED8F4100A02DD4 /* SwiftUtilBiPMacOS */,
				9DE027AD22FB1C4300D8A524 /* SwiftUtilBiPIOSTests */,
				9DE027BB22FB1C5C00D8A524 /* SwiftUtilBiPMacOSTests */,
			);
		};
/* End PBXProject section */

/* Begin PBXResourcesBuildPhase section */
		9DE027AC22FB1C4300D8A524 /* Resources */ = {
			isa = PBXResourcesBuildPhase;
			buildActionMask = 2147483647;
			files = (
			);
			runOnlyForDeploymentPostprocessing = 0;
		};
		9DE027BA22FB1C5C00D8A524 /* Resources */ = {
			isa = PBXResourcesBuildPhase;
			buildActionMask = 2147483647;
			files = (
			);
			runOnlyForDeploymentPostprocessing = 0;
		};
		9DF5F19D22ED8EDB00A02DD4 /* Resources */ = {
			isa = PBXResourcesBuildPhase;
			buildActionMask = 2147483647;
			files = (
				9DF5F1AD22ED8EDC00A02DD4 /* LaunchScreen.storyboard in Resources */,
				9DF5F1AA22ED8EDC00A02DD4 /* Assets.xcassets in Resources */,
				9DF5F1A822ED8EDB00A02DD4 /* Main.storyboard in Resources */,
			);
			runOnlyForDeploymentPostprocessing = 0;
		};
		9DF5F1B622ED8F4100A02DD4 /* Resources */ = {
			isa = PBXResourcesBuildPhase;
			buildActionMask = 2147483647;
			files = (
				9DF5F1BF22ED8F4200A02DD4 /* Assets.xcassets in Resources */,
				9DF5F1C222ED8F4200A02DD4 /* Main.storyboard in Resources */,
			);
			runOnlyForDeploymentPostprocessing = 0;
		};
/* End PBXResourcesBuildPhase section */

/* Begin PBXSourcesBuildPhase section */
		9DE027AA22FB1C4300D8A524 /* Sources */ = {
			isa = PBXSourcesBuildPhase;
			buildActionMask = 2147483647;
			files = (
				9DEDA84922FB3DED00DB079E /* UIUtilTest.swift in Sources */,
				9DE027B122FB1C4300D8A524 /* SwiftUtilBiPIOSTests.swift in Sources */,
				9DCE82E42426CA6D000F0331 /* XCTestUtil.swift in Sources */,
				9DEDA84C22FB3DF400DB079E /* UIUtil.swift in Sources */,
				9D811A5623B2A29E0014F3FB /* CollectionUtilTests.swift in Sources */,
				9DB63EF22422CC8D008DFCF5 /* EnumUtil.swift in Sources */,
				9DE027C722FB1E0900D8A524 /* CGUtilTests.swift in Sources */,
				9DE027C822FB1E2900D8A524 /* CGUtil.swift in Sources */,
				9D98D1EC22FB387800A4A834 /* CodableUtilTests.swift in Sources */,
				9DEDA82222FB3A4700DB079E /* DictUtil.swift in Sources */,
				9DEDA82722FB3A4D00DB079E /* HexUtilTests.swift in Sources */,
				9D12203C2340B44200052F00 /* ClassUtilTests.swift in Sources */,
				9D98D1E722FB386100A4A834 /* CodableUtil.swift in Sources */,
				9DEDA85922FB453F00DB079E /* DateUtilTests.swift in Sources */,
				9DEDA82622FB3A4D00DB079E /* DictUtilTests.swift in Sources */,
				9D12203E2340B4EF00052F00 /* ClassUtil.swift in Sources */,
				9DEDA83A22FB3CCF00DB079E /* RegexUtil.swift in Sources */,
				9DEDA83722FB3CCA00DB079E /* OptionalUtil.swift in Sources */,
				9D69021A22FB677F00BE0FDF /* StringUtil.swift in Sources */,
				9D69021822FB675800BE0FDF /* StringUtilTests.swift in Sources */,
				9DEDA83C22FB3CD500DB079E /* OptionaUtilTests.swift in Sources */,
				9DEDA83E22FB3CDA00DB079E /* RegexUtilTests.swift in Sources */,
				9DB63EEF2422CA57008DFCF5 /* EnumUtilTests.swift in Sources */,
				9DEDA82322FB3A4700DB079E /* HexUtil.swift in Sources */,
				9D1557CD23FC1C2500AA7F28 /* DateUtilMoreTests.swift in Sources */,
				9DDD13B3241E5E2400557518 /* SharedDefaultsTests.swift in Sources */,
				9DE027CD22FB232C00D8A524 /* DebugUtilTests.swift in Sources */,
				9DE027CF22FB238700D8A524 /* DebugUtil.swift in Sources */,
				9DEDA85C22FB45B000DB079E /* DateUtil.swift in Sources */,
				9DDD13B6241E5EBD00557518 /* SharedDefaults.swift in Sources */,
				9D811A5723B2A5F70014F3FB /* CollectionUtil.swift in Sources */,
			);
			runOnlyForDeploymentPostprocessing = 0;
		};
		9DE027B822FB1C5C00D8A524 /* Sources */ = {
			isa = PBXSourcesBuildPhase;
			buildActionMask = 2147483647;
			files = (
				9D1220422340B50B00052F00 /* ClassUtilTests.swift in Sources */,
				9DE027BF22FB1C5C00D8A524 /* SwiftUtilBiPMacOSTests.swift in Sources */,
				9DEDA84A22FB3DEE00DB079E /* UIUtilTest.swift in Sources */,
				9DE027CA22FB1E7300D8A524 /* CGUtilTests.swift in Sources */,
				9DE027C922FB1E6B00D8A524 /* CGUtil.swift in Sources */,
				9D98D1ED22FB387800A4A834 /* CodableUtilTests.swift in Sources */,
				9DEDA82422FB3A4700DB079E /* DictUtil.swift in Sources */,
				9DEDA82922FB3A4E00DB079E /* HexUtilTests.swift in Sources */,
				9D98D1E822FB386100A4A834 /* CodableUtil.swift in Sources */,
				9DEDA85D22FB46E100DB079E /* DateUtilTests.swift in Sources */,
				9DEDA82822FB3A4E00DB079E /* DictUtilTests.swift in Sources */,
				9DEDA83B22FB3CCF00DB079E /* RegexUtil.swift in Sources */,
				9DEDA83822FB3CCB00DB079E /* OptionalUtil.swift in Sources */,
				9D69021B22FB677F00BE0FDF /* StringUtil.swift in Sources */,
				9D69021922FB675800BE0FDF /* StringUtilTests.swift in Sources */,
				9DEDA83D22FB3CD500DB079E /* OptionaUtilTests.swift in Sources */,
				9DDD13B7241E5EBE00557518 /* SharedDefaults.swift in Sources */,
				9DEDA83F22FB3CDA00DB079E /* RegexUtilTests.swift in Sources */,
				9DEDA82522FB3A4700DB079E /* HexUtil.swift in Sources */,
				9DE027CE22FB236800D8A524 /* DebugUtil.swift in Sources */,
				9D12203F2340B4F000052F00 /* ClassUtil.swift in Sources */,
				9DDD13B4241E5E9600557518 /* SharedDefaultsTests.swift in Sources */,
				9DEDA85F22FB474F00DB079E /* DateUtil.swift in Sources */,
			);
			runOnlyForDeploymentPostprocessing = 0;
		};
		9DF5F19B22ED8EDB00A02DD4 /* Sources */ = {
			isa = PBXSourcesBuildPhase;
			buildActionMask = 2147483647;
			files = (
				9D37783922F9639C00D040FC /* NUConstraintsUtil.swift in Sources */,
				9D69021422FB638600BE0FDF /* StringUtil.swift in Sources */,
				9D3477AB22F20DCD0029BE85 /* CGUtil.swift in Sources */,
				9D69FB7D23254DA2006E1C55 /* PickerView.swift in Sources */,
				9D811A5423B2A24E0014F3FB /* CollectionUtil.swift in Sources */,
				9DDD13B0241E5DB100557518 /* SharedDefaults.swift in Sources */,
				9DF5F1A322ED8EDB00A02DD4 /* AppDelegate.swift in Sources */,
				9DEDA81A22FB3A2200DB079E /* HexUtil.swift in Sources */,
				9DEDA81B22FB3A2200DB079E /* DictUtil.swift in Sources */,
				9DB63EF12422CC3C008DFCF5 /* EnumUtil.swift in Sources */,
				9D98D1E522FB386100A4A834 /* CodableUtil.swift in Sources */,
				9DF5F1D222EDA03D00A02DD4 /* ViewController.swift in Sources */,
				9DF5F1CC22ED927F00A02DD4 /* BiPlatformExtensions.swift in Sources */,
				9DF5F1CE22ED92A900A02DD4 /* DebugUtil.swift in Sources */,
				9DEDA85A22FB454A00DB079E /* DateUtil.swift in Sources */,
				9DEDA82D22FB3B2A00DB079E /* RegexUtil.swift in Sources */,
				9DEDA82F22FB3B2A00DB079E /* OptionalUtil.swift in Sources */,
				9D12203A2340B40C00052F00 /* ClassUtil.swift in Sources */,
			);
			runOnlyForDeploymentPostprocessing = 0;
		};
		9DF5F1B422ED8F4100A02DD4 /* Sources */ = {
			isa = PBXSourcesBuildPhase;
			buildActionMask = 2147483647;
			files = (
				9DEDA82022FB3A4600DB079E /* DictUtil.swift in Sources */,
				9D69021522FB638600BE0FDF /* StringUtil.swift in Sources */,
				9DB8C21E22F975810077D0AB /* NUConstraintsUtil.swift in Sources */,
				9DEDA83922FB3CCE00DB079E /* RegexUtil.swift in Sources */,
				9DEDA82122FB3A4600DB079E /* HexUtil.swift in Sources */,
				9D3477AC22F20DF20029BE85 /* CGUtil.swift in Sources */,
				9DF5F1C922ED904000A02DD4 /* AppDelegate.swift in Sources */,
				9DEDA83622FB3CC900DB079E /* OptionalUtil.swift in Sources */,
				9D98D1E622FB386100A4A834 /* CodableUtil.swift in Sources */,
				9DF5F1D022ED962A00A02DD4 /* BiPlatformExtensions.swift in Sources */,
				9DDD13B5241E5EBC00557518 /* SharedDefaults.swift in Sources */,
				9DEDA85E22FB474D00DB079E /* DateUtil.swift in Sources */,
				9D8113A822EE304000E29C0A /* ViewController.swift in Sources */,
				9D12203D2340B4EF00052F00 /* ClassUtil.swift in Sources */,
				9DF5F1CF22ED962700A02DD4 /* DebugUtil.swift in Sources */,
			);
			runOnlyForDeploymentPostprocessing = 0;
		};
/* End PBXSourcesBuildPhase section */

/* Begin PBXTargetDependency section */
		9DE027B422FB1C4300D8A524 /* PBXTargetDependency */ = {
			isa = PBXTargetDependency;
			target = 9DF5F19E22ED8EDB00A02DD4 /* SwiftUtilBiPIOS */;
			targetProxy = 9DE027B322FB1C4300D8A524 /* PBXContainerItemProxy */;
		};
		9DE027C222FB1C5C00D8A524 /* PBXTargetDependency */ = {
			isa = PBXTargetDependency;
			target = 9DF5F1B722ED8F4100A02DD4 /* SwiftUtilBiPMacOS */;
			targetProxy = 9DE027C122FB1C5C00D8A524 /* PBXContainerItemProxy */;
		};
/* End PBXTargetDependency section */

/* Begin PBXVariantGroup section */
		9DF5F1A622ED8EDB00A02DD4 /* Main.storyboard */ = {
			isa = PBXVariantGroup;
			children = (
				9DF5F1A722ED8EDB00A02DD4 /* Base */,
			);
			name = Main.storyboard;
			sourceTree = "<group>";
		};
		9DF5F1AB22ED8EDC00A02DD4 /* LaunchScreen.storyboard */ = {
			isa = PBXVariantGroup;
			children = (
				9DF5F1AC22ED8EDC00A02DD4 /* Base */,
			);
			name = LaunchScreen.storyboard;
			sourceTree = "<group>";
		};
		9DF5F1C022ED8F4200A02DD4 /* Main.storyboard */ = {
			isa = PBXVariantGroup;
			children = (
				9DF5F1C122ED8F4200A02DD4 /* Base */,
			);
			name = Main.storyboard;
			sourceTree = "<group>";
		};
/* End PBXVariantGroup section */

/* Begin XCBuildConfiguration section */
		9DE027B522FB1C4300D8A524 /* Debug */ = {
			isa = XCBuildConfiguration;
			buildSettings = {
				BUNDLE_LOADER = "$(TEST_HOST)";
				CODE_SIGN_STYLE = Automatic;
				DEVELOPMENT_TEAM = LHA84NAPNA;
				INFOPLIST_FILE = SwiftUtilBiPIOSTests/Info.plist;
				IPHONEOS_DEPLOYMENT_TARGET = 12.4;
				LD_RUNPATH_SEARCH_PATHS = (
					"$(inherited)",
					"@executable_path/Frameworks",
					"@loader_path/Frameworks",
				);
				PRODUCT_BUNDLE_IDENTIFIER = rudifa.SwiftUtilBiPIOSTests;
				PRODUCT_NAME = "$(TARGET_NAME)";
				SWIFT_VERSION = 5.0;
				TARGETED_DEVICE_FAMILY = "1,2";
				TEST_HOST = "$(BUILT_PRODUCTS_DIR)/SwiftUtilBiPIOS.app/SwiftUtilBiPIOS";
			};
			name = Debug;
		};
		9DE027B622FB1C4300D8A524 /* Release */ = {
			isa = XCBuildConfiguration;
			buildSettings = {
				BUNDLE_LOADER = "$(TEST_HOST)";
				CODE_SIGN_STYLE = Automatic;
				DEVELOPMENT_TEAM = LHA84NAPNA;
				INFOPLIST_FILE = SwiftUtilBiPIOSTests/Info.plist;
				IPHONEOS_DEPLOYMENT_TARGET = 12.4;
				LD_RUNPATH_SEARCH_PATHS = (
					"$(inherited)",
					"@executable_path/Frameworks",
					"@loader_path/Frameworks",
				);
				PRODUCT_BUNDLE_IDENTIFIER = rudifa.SwiftUtilBiPIOSTests;
				PRODUCT_NAME = "$(TARGET_NAME)";
				SWIFT_VERSION = 5.0;
				TARGETED_DEVICE_FAMILY = "1,2";
				TEST_HOST = "$(BUILT_PRODUCTS_DIR)/SwiftUtilBiPIOS.app/SwiftUtilBiPIOS";
			};
			name = Release;
		};
		9DE027C422FB1C5C00D8A524 /* Debug */ = {
			isa = XCBuildConfiguration;
			buildSettings = {
				BUNDLE_LOADER = "$(TEST_HOST)";
				CODE_SIGN_IDENTITY = "";
				CODE_SIGN_STYLE = Manual;
				COMBINE_HIDPI_IMAGES = YES;
				DEVELOPMENT_TEAM = LHA84NAPNA;
				INFOPLIST_FILE = SwiftUtilBiPMacOSTests/Info.plist;
				LD_RUNPATH_SEARCH_PATHS = (
					"$(inherited)",
					"@executable_path/../Frameworks",
					"@loader_path/../Frameworks",
				);
				MACOSX_DEPLOYMENT_TARGET = 10.14;
				PRODUCT_BUNDLE_IDENTIFIER = rudifa.SwiftUtilBiPMacOSTests;
				PRODUCT_NAME = "$(TARGET_NAME)";
				PROVISIONING_PROFILE_SPECIFIER = "";
				SDKROOT = macosx;
				SWIFT_VERSION = 5.0;
				TEST_HOST = "$(BUILT_PRODUCTS_DIR)/SwiftUtilBiPMacOS.app/Contents/MacOS/SwiftUtilBiPMacOS";
			};
			name = Debug;
		};
		9DE027C522FB1C5C00D8A524 /* Release */ = {
			isa = XCBuildConfiguration;
			buildSettings = {
				BUNDLE_LOADER = "$(TEST_HOST)";
				CODE_SIGN_IDENTITY = "";
				CODE_SIGN_STYLE = Manual;
				COMBINE_HIDPI_IMAGES = YES;
				DEVELOPMENT_TEAM = LHA84NAPNA;
				INFOPLIST_FILE = SwiftUtilBiPMacOSTests/Info.plist;
				LD_RUNPATH_SEARCH_PATHS = (
					"$(inherited)",
					"@executable_path/../Frameworks",
					"@loader_path/../Frameworks",
				);
				MACOSX_DEPLOYMENT_TARGET = 10.14;
				PRODUCT_BUNDLE_IDENTIFIER = rudifa.SwiftUtilBiPMacOSTests;
				PRODUCT_NAME = "$(TARGET_NAME)";
				PROVISIONING_PROFILE_SPECIFIER = "";
				SDKROOT = macosx;
				SWIFT_VERSION = 5.0;
				TEST_HOST = "$(BUILT_PRODUCTS_DIR)/SwiftUtilBiPMacOS.app/Contents/MacOS/SwiftUtilBiPMacOS";
			};
			name = Release;
		};
		9DF5F1AF22ED8EDC00A02DD4 /* Debug */ = {
			isa = XCBuildConfiguration;
			buildSettings = {
				ALWAYS_SEARCH_USER_PATHS = NO;
				CLANG_ANALYZER_NONNULL = YES;
				CLANG_ANALYZER_NUMBER_OBJECT_CONVERSION = YES_AGGRESSIVE;
				CLANG_CXX_LANGUAGE_STANDARD = "gnu++14";
				CLANG_CXX_LIBRARY = "libc++";
				CLANG_ENABLE_MODULES = YES;
				CLANG_ENABLE_OBJC_ARC = YES;
				CLANG_ENABLE_OBJC_WEAK = YES;
				CLANG_WARN_BLOCK_CAPTURE_AUTORELEASING = YES;
				CLANG_WARN_BOOL_CONVERSION = YES;
				CLANG_WARN_COMMA = YES;
				CLANG_WARN_CONSTANT_CONVERSION = YES;
				CLANG_WARN_DEPRECATED_OBJC_IMPLEMENTATIONS = YES;
				CLANG_WARN_DIRECT_OBJC_ISA_USAGE = YES_ERROR;
				CLANG_WARN_DOCUMENTATION_COMMENTS = YES;
				CLANG_WARN_EMPTY_BODY = YES;
				CLANG_WARN_ENUM_CONVERSION = YES;
				CLANG_WARN_INFINITE_RECURSION = YES;
				CLANG_WARN_INT_CONVERSION = YES;
				CLANG_WARN_NON_LITERAL_NULL_CONVERSION = YES;
				CLANG_WARN_OBJC_IMPLICIT_RETAIN_SELF = YES;
				CLANG_WARN_OBJC_LITERAL_CONVERSION = YES;
				CLANG_WARN_OBJC_ROOT_CLASS = YES_ERROR;
				CLANG_WARN_QUOTED_INCLUDE_IN_FRAMEWORK_HEADER = YES;
				CLANG_WARN_RANGE_LOOP_ANALYSIS = YES;
				CLANG_WARN_STRICT_PROTOTYPES = YES;
				CLANG_WARN_SUSPICIOUS_MOVE = YES;
				CLANG_WARN_UNGUARDED_AVAILABILITY = YES_AGGRESSIVE;
				CLANG_WARN_UNREACHABLE_CODE = YES;
				CLANG_WARN__DUPLICATE_METHOD_MATCH = YES;
				CODE_SIGN_IDENTITY = "iPhone Developer";
				COPY_PHASE_STRIP = NO;
				DEBUG_INFORMATION_FORMAT = dwarf;
				ENABLE_STRICT_OBJC_MSGSEND = YES;
				ENABLE_TESTABILITY = YES;
				GCC_C_LANGUAGE_STANDARD = gnu11;
				GCC_DYNAMIC_NO_PIC = NO;
				GCC_NO_COMMON_BLOCKS = YES;
				GCC_OPTIMIZATION_LEVEL = 0;
				GCC_PREPROCESSOR_DEFINITIONS = (
					"DEBUG=1",
					"$(inherited)",
				);
				GCC_WARN_64_TO_32_BIT_CONVERSION = YES;
				GCC_WARN_ABOUT_RETURN_TYPE = YES_ERROR;
				GCC_WARN_UNDECLARED_SELECTOR = YES;
				GCC_WARN_UNINITIALIZED_AUTOS = YES_AGGRESSIVE;
				GCC_WARN_UNUSED_FUNCTION = YES;
				GCC_WARN_UNUSED_VARIABLE = YES;
				IPHONEOS_DEPLOYMENT_TARGET = 12.0;
				MACOSX_DEPLOYMENT_TARGET = 10.15;
				MTL_ENABLE_DEBUG_INFO = INCLUDE_SOURCE;
				MTL_FAST_MATH = YES;
				ONLY_ACTIVE_ARCH = YES;
				SDKROOT = iphoneos;
				SWIFT_ACTIVE_COMPILATION_CONDITIONS = DEBUG;
				SWIFT_OPTIMIZATION_LEVEL = "-Onone";
			};
			name = Debug;
		};
		9DF5F1B022ED8EDC00A02DD4 /* Release */ = {
			isa = XCBuildConfiguration;
			buildSettings = {
				ALWAYS_SEARCH_USER_PATHS = NO;
				CLANG_ANALYZER_NONNULL = YES;
				CLANG_ANALYZER_NUMBER_OBJECT_CONVERSION = YES_AGGRESSIVE;
				CLANG_CXX_LANGUAGE_STANDARD = "gnu++14";
				CLANG_CXX_LIBRARY = "libc++";
				CLANG_ENABLE_MODULES = YES;
				CLANG_ENABLE_OBJC_ARC = YES;
				CLANG_ENABLE_OBJC_WEAK = YES;
				CLANG_WARN_BLOCK_CAPTURE_AUTORELEASING = YES;
				CLANG_WARN_BOOL_CONVERSION = YES;
				CLANG_WARN_COMMA = YES;
				CLANG_WARN_CONSTANT_CONVERSION = YES;
				CLANG_WARN_DEPRECATED_OBJC_IMPLEMENTATIONS = YES;
				CLANG_WARN_DIRECT_OBJC_ISA_USAGE = YES_ERROR;
				CLANG_WARN_DOCUMENTATION_COMMENTS = YES;
				CLANG_WARN_EMPTY_BODY = YES;
				CLANG_WARN_ENUM_CONVERSION = YES;
				CLANG_WARN_INFINITE_RECURSION = YES;
				CLANG_WARN_INT_CONVERSION = YES;
				CLANG_WARN_NON_LITERAL_NULL_CONVERSION = YES;
				CLANG_WARN_OBJC_IMPLICIT_RETAIN_SELF = YES;
				CLANG_WARN_OBJC_LITERAL_CONVERSION = YES;
				CLANG_WARN_OBJC_ROOT_CLASS = YES_ERROR;
				CLANG_WARN_QUOTED_INCLUDE_IN_FRAMEWORK_HEADER = YES;
				CLANG_WARN_RANGE_LOOP_ANALYSIS = YES;
				CLANG_WARN_STRICT_PROTOTYPES = YES;
				CLANG_WARN_SUSPICIOUS_MOVE = YES;
				CLANG_WARN_UNGUARDED_AVAILABILITY = YES_AGGRESSIVE;
				CLANG_WARN_UNREACHABLE_CODE = YES;
				CLANG_WARN__DUPLICATE_METHOD_MATCH = YES;
				CODE_SIGN_IDENTITY = "iPhone Developer";
				COPY_PHASE_STRIP = NO;
				DEBUG_INFORMATION_FORMAT = "dwarf-with-dsym";
				ENABLE_NS_ASSERTIONS = NO;
				ENABLE_STRICT_OBJC_MSGSEND = YES;
				GCC_C_LANGUAGE_STANDARD = gnu11;
				GCC_NO_COMMON_BLOCKS = YES;
				GCC_WARN_64_TO_32_BIT_CONVERSION = YES;
				GCC_WARN_ABOUT_RETURN_TYPE = YES_ERROR;
				GCC_WARN_UNDECLARED_SELECTOR = YES;
				GCC_WARN_UNINITIALIZED_AUTOS = YES_AGGRESSIVE;
				GCC_WARN_UNUSED_FUNCTION = YES;
				GCC_WARN_UNUSED_VARIABLE = YES;
				IPHONEOS_DEPLOYMENT_TARGET = 12.0;
				MACOSX_DEPLOYMENT_TARGET = 10.15;
				MTL_ENABLE_DEBUG_INFO = NO;
				MTL_FAST_MATH = YES;
				SDKROOT = iphoneos;
				SWIFT_COMPILATION_MODE = wholemodule;
				SWIFT_OPTIMIZATION_LEVEL = "-O";
				VALIDATE_PRODUCT = YES;
			};
			name = Release;
		};
		9DF5F1B222ED8EDC00A02DD4 /* Debug */ = {
			isa = XCBuildConfiguration;
			buildSettings = {
				ASSETCATALOG_COMPILER_APPICON_NAME = AppIcon;
				CODE_SIGN_STYLE = Automatic;
				DEVELOPMENT_TEAM = V7R356DGKL;
				INFOPLIST_FILE = "$(SRCROOT)/BiPiOS/Info.plist";
				LD_RUNPATH_SEARCH_PATHS = (
					"$(inherited)",
					"@executable_path/Frameworks",
				);
				PRODUCT_BUNDLE_IDENTIFIER = rudifa.BiPlatform;
				PRODUCT_NAME = "$(TARGET_NAME)";
				SWIFT_VERSION = 5.0;
				TARGETED_DEVICE_FAMILY = "1,2";
			};
			name = Debug;
		};
		9DF5F1B322ED8EDC00A02DD4 /* Release */ = {
			isa = XCBuildConfiguration;
			buildSettings = {
				ASSETCATALOG_COMPILER_APPICON_NAME = AppIcon;
				CODE_SIGN_STYLE = Automatic;
				DEVELOPMENT_TEAM = V7R356DGKL;
				INFOPLIST_FILE = "$(SRCROOT)/BiPiOS/Info.plist";
				LD_RUNPATH_SEARCH_PATHS = (
					"$(inherited)",
					"@executable_path/Frameworks",
				);
				PRODUCT_BUNDLE_IDENTIFIER = rudifa.BiPlatform;
				PRODUCT_NAME = "$(TARGET_NAME)";
				SWIFT_VERSION = 5.0;
				TARGETED_DEVICE_FAMILY = "1,2";
			};
			name = Release;
		};
		9DF5F1C622ED8F4200A02DD4 /* Debug */ = {
			isa = XCBuildConfiguration;
			buildSettings = {
				ASSETCATALOG_COMPILER_APPICON_NAME = AppIcon;
				CODE_SIGN_ENTITLEMENTS = BiPmacOS/BiPmacOS.entitlements;
				CODE_SIGN_IDENTITY = "-";
				CODE_SIGN_STYLE = Manual;
				COMBINE_HIDPI_IMAGES = YES;
				DEVELOPMENT_TEAM = LHA84NAPNA;
				INFOPLIST_FILE = "$(SRCROOT)/BiPmacOS/Info.plist";
				LD_RUNPATH_SEARCH_PATHS = (
					"$(inherited)",
					"@executable_path/../Frameworks",
				);
				MACOSX_DEPLOYMENT_TARGET = 10.14;
				PRODUCT_BUNDLE_IDENTIFIER = rudifa.BiPlatformMacOS;
				PRODUCT_NAME = "$(TARGET_NAME)";
				SDKROOT = macosx;
				SWIFT_VERSION = 5.0;
			};
			name = Debug;
		};
		9DF5F1C722ED8F4200A02DD4 /* Release */ = {
			isa = XCBuildConfiguration;
			buildSettings = {
				ASSETCATALOG_COMPILER_APPICON_NAME = AppIcon;
				CODE_SIGN_ENTITLEMENTS = BiPmacOS/BiPmacOS.entitlements;
				CODE_SIGN_IDENTITY = "-";
				CODE_SIGN_STYLE = Manual;
				COMBINE_HIDPI_IMAGES = YES;
				DEVELOPMENT_TEAM = LHA84NAPNA;
				INFOPLIST_FILE = "$(SRCROOT)/BiPmacOS/Info.plist";
				LD_RUNPATH_SEARCH_PATHS = (
					"$(inherited)",
					"@executable_path/../Frameworks",
				);
				MACOSX_DEPLOYMENT_TARGET = 10.14;
				PRODUCT_BUNDLE_IDENTIFIER = rudifa.BiPlatformMacOS;
				PRODUCT_NAME = "$(TARGET_NAME)";
				SDKROOT = macosx;
				SWIFT_VERSION = 5.0;
			};
			name = Release;
		};
/* End XCBuildConfiguration section */

/* Begin XCConfigurationList section */
		9DE027B722FB1C4300D8A524 /* Build configuration list for PBXNativeTarget "SwiftUtilBiPIOSTests" */ = {
			isa = XCConfigurationList;
			buildConfigurations = (
				9DE027B522FB1C4300D8A524 /* Debug */,
				9DE027B622FB1C4300D8A524 /* Release */,
			);
			defaultConfigurationIsVisible = 0;
			defaultConfigurationName = Release;
		};
		9DE027C322FB1C5C00D8A524 /* Build configuration list for PBXNativeTarget "SwiftUtilBiPMacOSTests" */ = {
			isa = XCConfigurationList;
			buildConfigurations = (
				9DE027C422FB1C5C00D8A524 /* Debug */,
				9DE027C522FB1C5C00D8A524 /* Release */,
			);
			defaultConfigurationIsVisible = 0;
			defaultConfigurationName = Release;
		};
		9DF5F19A22ED8EDB00A02DD4 /* Build configuration list for PBXProject "SwiftUtilBiP" */ = {
			isa = XCConfigurationList;
			buildConfigurations = (
				9DF5F1AF22ED8EDC00A02DD4 /* Debug */,
				9DF5F1B022ED8EDC00A02DD4 /* Release */,
			);
			defaultConfigurationIsVisible = 0;
			defaultConfigurationName = Release;
		};
		9DF5F1B122ED8EDC00A02DD4 /* Build configuration list for PBXNativeTarget "SwiftUtilBiPIOS" */ = {
			isa = XCConfigurationList;
			buildConfigurations = (
				9DF5F1B222ED8EDC00A02DD4 /* Debug */,
				9DF5F1B322ED8EDC00A02DD4 /* Release */,
			);
			defaultConfigurationIsVisible = 0;
			defaultConfigurationName = Release;
		};
		9DF5F1C522ED8F4200A02DD4 /* Build configuration list for PBXNativeTarget "SwiftUtilBiPMacOS" */ = {
			isa = XCConfigurationList;
			buildConfigurations = (
				9DF5F1C622ED8F4200A02DD4 /* Debug */,
				9DF5F1C722ED8F4200A02DD4 /* Release */,
			);
			defaultConfigurationIsVisible = 0;
			defaultConfigurationName = Release;
		};
/* End XCConfigurationList section */
	};
	rootObject = 9DF5F19722ED8EDB00A02DD4 /* Project object */;
}
