// !$*UTF8*$!
{
	archiveVersion = 1;
	classes = {
	};
	objectVersion = 50;
	objects = {

/* Begin PBXBuildFile section */
		9D3477AB22F20DCD0029BE85 /* CGUtil.swift in Sources */ = {isa = PBXBuildFile; fileRef = 9D3477AA22F20DCD0029BE85 /* CGUtil.swift */; };
		9D3477AC22F20DF20029BE85 /* CGUtil.swift in Sources */ = {isa = PBXBuildFile; fileRef = 9D3477AA22F20DCD0029BE85 /* CGUtil.swift */; };
		9D37783922F9639C00D040FC /* NUConstraintsUtil.swift in Sources */ = {isa = PBXBuildFile; fileRef = 9D37783822F9639C00D040FC /* NUConstraintsUtil.swift */; };
		9D8113A822EE304000E29C0A /* ViewController.swift in Sources */ = {isa = PBXBuildFile; fileRef = 9DF5F1D122EDA03D00A02DD4 /* ViewController.swift */; };
		9DB8C21E22F975810077D0AB /* NUConstraintsUtil.swift in Sources */ = {isa = PBXBuildFile; fileRef = 9D37783822F9639C00D040FC /* NUConstraintsUtil.swift */; };
		9DF5F1A322ED8EDB00A02DD4 /* AppDelegate.swift in Sources */ = {isa = PBXBuildFile; fileRef = 9DF5F1A222ED8EDB00A02DD4 /* AppDelegate.swift */; };
		9DF5F1A822ED8EDB00A02DD4 /* Main.storyboard in Resources */ = {isa = PBXBuildFile; fileRef = 9DF5F1A622ED8EDB00A02DD4 /* Main.storyboard */; };
		9DF5F1AA22ED8EDC00A02DD4 /* Assets.xcassets in Resources */ = {isa = PBXBuildFile; fileRef = 9DF5F1A922ED8EDC00A02DD4 /* Assets.xcassets */; };
		9DF5F1AD22ED8EDC00A02DD4 /* LaunchScreen.storyboard in Resources */ = {isa = PBXBuildFile; fileRef = 9DF5F1AB22ED8EDC00A02DD4 /* LaunchScreen.storyboard */; };
		9DF5F1BF22ED8F4200A02DD4 /* Assets.xcassets in Resources */ = {isa = PBXBuildFile; fileRef = 9DF5F1BE22ED8F4200A02DD4 /* Assets.xcassets */; };
		9DF5F1C222ED8F4200A02DD4 /* Main.storyboard in Resources */ = {isa = PBXBuildFile; fileRef = 9DF5F1C022ED8F4200A02DD4 /* Main.storyboard */; };
		9DF5F1C922ED904000A02DD4 /* AppDelegate.swift in Sources */ = {isa = PBXBuildFile; fileRef = 9DF5F1A222ED8EDB00A02DD4 /* AppDelegate.swift */; };
		9DF5F1CC22ED927F00A02DD4 /* BiPlatformExtensions.swift in Sources */ = {isa = PBXBuildFile; fileRef = 9DF5F1CB22ED927F00A02DD4 /* BiPlatformExtensions.swift */; };
		9DF5F1CE22ED92A900A02DD4 /* DebugUtil.swift in Sources */ = {isa = PBXBuildFile; fileRef = 9DF5F1CD22ED92A900A02DD4 /* DebugUtil.swift */; };
		9DF5F1CF22ED962700A02DD4 /* DebugUtil.swift in Sources */ = {isa = PBXBuildFile; fileRef = 9DF5F1CD22ED92A900A02DD4 /* DebugUtil.swift */; };
		9DF5F1D022ED962A00A02DD4 /* BiPlatformExtensions.swift in Sources */ = {isa = PBXBuildFile; fileRef = 9DF5F1CB22ED927F00A02DD4 /* BiPlatformExtensions.swift */; };
		9DF5F1D222EDA03D00A02DD4 /* ViewController.swift in Sources */ = {isa = PBXBuildFile; fileRef = 9DF5F1D122EDA03D00A02DD4 /* ViewController.swift */; };
/* End PBXBuildFile section */

/* Begin PBXFileReference section */
		9D3477AA22F20DCD0029BE85 /* CGUtil.swift */ = {isa = PBXFileReference; fileEncoding = 4; lastKnownFileType = sourcecode.swift; path = CGUtil.swift; sourceTree = "<group>"; };
		9D37783822F9639C00D040FC /* NUConstraintsUtil.swift */ = {isa = PBXFileReference; lastKnownFileType = sourcecode.swift; path = NUConstraintsUtil.swift; sourceTree = "<group>"; };
		9DF5F19F22ED8EDB00A02DD4 /* SwiftUtilBiPIOS.app */ = {isa = PBXFileReference; explicitFileType = wrapper.application; includeInIndex = 0; path = SwiftUtilBiPIOS.app; sourceTree = BUILT_PRODUCTS_DIR; };
		9DF5F1A222ED8EDB00A02DD4 /* AppDelegate.swift */ = {isa = PBXFileReference; lastKnownFileType = sourcecode.swift; path = AppDelegate.swift; sourceTree = "<group>"; };
		9DF5F1A722ED8EDB00A02DD4 /* Base */ = {isa = PBXFileReference; lastKnownFileType = file.storyboard; name = Base; path = Base.lproj/Main.storyboard; sourceTree = "<group>"; };
		9DF5F1A922ED8EDC00A02DD4 /* Assets.xcassets */ = {isa = PBXFileReference; lastKnownFileType = folder.assetcatalog; path = Assets.xcassets; sourceTree = "<group>"; };
		9DF5F1AC22ED8EDC00A02DD4 /* Base */ = {isa = PBXFileReference; lastKnownFileType = file.storyboard; name = Base; path = Base.lproj/LaunchScreen.storyboard; sourceTree = "<group>"; };
		9DF5F1AE22ED8EDC00A02DD4 /* Info.plist */ = {isa = PBXFileReference; lastKnownFileType = text.plist.xml; path = Info.plist; sourceTree = "<group>"; };
		9DF5F1B822ED8F4100A02DD4 /* SwiftUtilBiPMacOS.app */ = {isa = PBXFileReference; explicitFileType = wrapper.application; includeInIndex = 0; path = SwiftUtilBiPMacOS.app; sourceTree = BUILT_PRODUCTS_DIR; };
		9DF5F1BE22ED8F4200A02DD4 /* Assets.xcassets */ = {isa = PBXFileReference; lastKnownFileType = folder.assetcatalog; path = Assets.xcassets; sourceTree = "<group>"; };
		9DF5F1C122ED8F4200A02DD4 /* Base */ = {isa = PBXFileReference; lastKnownFileType = file.storyboard; name = Base; path = Base.lproj/Main.storyboard; sourceTree = "<group>"; };
		9DF5F1C322ED8F4200A02DD4 /* Info.plist */ = {isa = PBXFileReference; lastKnownFileType = text.plist.xml; path = Info.plist; sourceTree = "<group>"; };
		9DF5F1C422ED8F4200A02DD4 /* BiPmacOS.entitlements */ = {isa = PBXFileReference; lastKnownFileType = text.plist.entitlements; path = BiPmacOS.entitlements; sourceTree = "<group>"; };
		9DF5F1CB22ED927F00A02DD4 /* BiPlatformExtensions.swift */ = {isa = PBXFileReference; fileEncoding = 4; lastKnownFileType = sourcecode.swift; path = BiPlatformExtensions.swift; sourceTree = "<group>"; };
		9DF5F1CD22ED92A900A02DD4 /* DebugUtil.swift */ = {isa = PBXFileReference; fileEncoding = 4; lastKnownFileType = sourcecode.swift; path = DebugUtil.swift; sourceTree = "<group>"; };
		9DF5F1D122EDA03D00A02DD4 /* ViewController.swift */ = {isa = PBXFileReference; fileEncoding = 4; lastKnownFileType = sourcecode.swift; name = ViewController.swift; path = Shared/ViewController.swift; sourceTree = SOURCE_ROOT; };
		9DF5F1D422EDAF3300A02DD4 /* README.md */ = {isa = PBXFileReference; lastKnownFileType = net.daringfireball.markdown; path = README.md; sourceTree = "<group>"; };
/* End PBXFileReference section */

/* Begin PBXFrameworksBuildPhase section */
		9DF5F19C22ED8EDB00A02DD4 /* Frameworks */ = {
			isa = PBXFrameworksBuildPhase;
			buildActionMask = 2147483647;
			files = (
			);
			runOnlyForDeploymentPostprocessing = 0;
		};
		9DF5F1B522ED8F4100A02DD4 /* Frameworks */ = {
			isa = PBXFrameworksBuildPhase;
			buildActionMask = 2147483647;
			files = (
			);
			runOnlyForDeploymentPostprocessing = 0;
		};
/* End PBXFrameworksBuildPhase section */

/* Begin PBXGroup section */
		9DF5F19622ED8EDB00A02DD4 = {
			isa = PBXGroup;
			children = (
				9DF5F1D422EDAF3300A02DD4 /* README.md */,
				9DF5F1C822ED8F9E00A02DD4 /* Shared */,
				9DF5F1A122ED8EDB00A02DD4 /* BiPiOS */,
				9DF5F1B922ED8F4100A02DD4 /* BiPmacOS */,
				9DF5F1A022ED8EDB00A02DD4 /* Products */,
			);
			sourceTree = "<group>";
		};
		9DF5F1A022ED8EDB00A02DD4 /* Products */ = {
			isa = PBXGroup;
			children = (
				9DF5F19F22ED8EDB00A02DD4 /* SwiftUtilBiPIOS.app */,
				9DF5F1B822ED8F4100A02DD4 /* SwiftUtilBiPMacOS.app */,
			);
			name = Products;
			sourceTree = "<group>";
		};
		9DF5F1A122ED8EDB00A02DD4 /* BiPiOS */ = {
			isa = PBXGroup;
			children = (
				9DF5F1A622ED8EDB00A02DD4 /* Main.storyboard */,
				9DF5F1AB22ED8EDC00A02DD4 /* LaunchScreen.storyboard */,
				9DF5F1A922ED8EDC00A02DD4 /* Assets.xcassets */,
				9DF5F1AE22ED8EDC00A02DD4 /* Info.plist */,
			);
			path = BiPiOS;
			sourceTree = "<group>";
		};
		9DF5F1B922ED8F4100A02DD4 /* BiPmacOS */ = {
			isa = PBXGroup;
			children = (
				9DF5F1C022ED8F4200A02DD4 /* Main.storyboard */,
				9DF5F1BE22ED8F4200A02DD4 /* Assets.xcassets */,
				9DF5F1C322ED8F4200A02DD4 /* Info.plist */,
				9DF5F1C422ED8F4200A02DD4 /* BiPmacOS.entitlements */,
			);
			path = BiPmacOS;
			sourceTree = "<group>";
		};
		9DF5F1C822ED8F9E00A02DD4 /* Shared */ = {
			isa = PBXGroup;
			children = (
				9DF5F1D122EDA03D00A02DD4 /* ViewController.swift */,
				9DF5F1A222ED8EDB00A02DD4 /* AppDelegate.swift */,
				9DF5F1CA22ED924A00A02DD4 /* Util */,
			);
			path = Shared;
			sourceTree = "<group>";
		};
		9DF5F1CA22ED924A00A02DD4 /* Util */ = {
			isa = PBXGroup;
			children = (
				9DF5F1CB22ED927F00A02DD4 /* BiPlatformExtensions.swift */,
				9D3477AA22F20DCD0029BE85 /* CGUtil.swift */,
				9DF5F1CD22ED92A900A02DD4 /* DebugUtil.swift */,
				9D37783822F9639C00D040FC /* NUConstraintsUtil.swift */,
			);
			path = Util;
			sourceTree = "<group>";
		};
/* End PBXGroup section */

/* Begin PBXNativeTarget section */
		9DF5F19E22ED8EDB00A02DD4 /* SwiftUtilBiPIOS */ = {
			isa = PBXNativeTarget;
			buildConfigurationList = 9DF5F1B122ED8EDC00A02DD4 /* Build configuration list for PBXNativeTarget "SwiftUtilBiPIOS" */;
			buildPhases = (
				9DF5F19B22ED8EDB00A02DD4 /* Sources */,
				9DF5F19C22ED8EDB00A02DD4 /* Frameworks */,
				9DF5F19D22ED8EDB00A02DD4 /* Resources */,
			);
			buildRules = (
			);
			dependencies = (
			);
			name = SwiftUtilBiPIOS;
			productName = BiPlatform;
			productReference = 9DF5F19F22ED8EDB00A02DD4 /* SwiftUtilBiPIOS.app */;
			productType = "com.apple.product-type.application";
		};
		9DF5F1B722ED8F4100A02DD4 /* SwiftUtilBiPMacOS */ = {
			isa = PBXNativeTarget;
			buildConfigurationList = 9DF5F1C522ED8F4200A02DD4 /* Build configuration list for PBXNativeTarget "SwiftUtilBiPMacOS" */;
			buildPhases = (
				9DF5F1B422ED8F4100A02DD4 /* Sources */,
				9DF5F1B522ED8F4100A02DD4 /* Frameworks */,
				9DF5F1B622ED8F4100A02DD4 /* Resources */,
			);
			buildRules = (
			);
			dependencies = (
			);
			name = SwiftUtilBiPMacOS;
			productName = BiPlatformMacOS;
			productReference = 9DF5F1B822ED8F4100A02DD4 /* SwiftUtilBiPMacOS.app */;
			productType = "com.apple.product-type.application";
		};
/* End PBXNativeTarget section */

/* Begin PBXProject section */
		9DF5F19722ED8EDB00A02DD4 /* Project object */ = {
			isa = PBXProject;
			attributes = {
				LastSwiftUpdateCheck = 1030;
				LastUpgradeCheck = 1030;
				ORGANIZATIONNAME = "Rudolf Farkas";
				TargetAttributes = {
					9DF5F19E22ED8EDB00A02DD4 = {
						CreatedOnToolsVersion = 10.3;
					};
					9DF5F1B722ED8F4100A02DD4 = {
						CreatedOnToolsVersion = 10.3;
					};
				};
			};
			buildConfigurationList = 9DF5F19A22ED8EDB00A02DD4 /* Build configuration list for PBXProject "SwiftUtilBiP" */;
			compatibilityVersion = "Xcode 9.3";
			developmentRegion = en;
			hasScannedForEncodings = 0;
			knownRegions = (
				en,
				Base,
			);
			mainGroup = 9DF5F19622ED8EDB00A02DD4;
			productRefGroup = 9DF5F1A022ED8EDB00A02DD4 /* Products */;
			projectDirPath = "";
			projectRoot = "";
			targets = (
				9DF5F19E22ED8EDB00A02DD4 /* SwiftUtilBiPIOS */,
				9DF5F1B722ED8F4100A02DD4 /* SwiftUtilBiPMacOS */,
			);
		};
/* End PBXProject section */

/* Begin PBXResourcesBuildPhase section */
		9DF5F19D22ED8EDB00A02DD4 /* Resources */ = {
			isa = PBXResourcesBuildPhase;
			buildActionMask = 2147483647;
			files = (
				9DF5F1AD22ED8EDC00A02DD4 /* LaunchScreen.storyboard in Resources */,
				9DF5F1AA22ED8EDC00A02DD4 /* Assets.xcassets in Resources */,
				9DF5F1A822ED8EDB00A02DD4 /* Main.storyboard in Resources */,
			);
			runOnlyForDeploymentPostprocessing = 0;
		};
		9DF5F1B622ED8F4100A02DD4 /* Resources */ = {
			isa = PBXResourcesBuildPhase;
			buildActionMask = 2147483647;
			files = (
				9DF5F1BF22ED8F4200A02DD4 /* Assets.xcassets in Resources */,
				9DF5F1C222ED8F4200A02DD4 /* Main.storyboard in Resources */,
			);
			runOnlyForDeploymentPostprocessing = 0;
		};
/* End PBXResourcesBuildPhase section */

/* Begin PBXSourcesBuildPhase section */
		9DF5F19B22ED8EDB00A02DD4 /* Sources */ = {
			isa = PBXSourcesBuildPhase;
			buildActionMask = 2147483647;
			files = (
				9D37783922F9639C00D040FC /* NUConstraintsUtil.swift in Sources */,
				9D3477AB22F20DCD0029BE85 /* CGUtil.swift in Sources */,
				9DF5F1A322ED8EDB00A02DD4 /* AppDelegate.swift in Sources */,
				9DF5F1D222EDA03D00A02DD4 /* ViewController.swift in Sources */,
				9DF5F1CC22ED927F00A02DD4 /* BiPlatformExtensions.swift in Sources */,
				9DF5F1CE22ED92A900A02DD4 /* DebugUtil.swift in Sources */,
			);
			runOnlyForDeploymentPostprocessing = 0;
		};
		9DF5F1B422ED8F4100A02DD4 /* Sources */ = {
			isa = PBXSourcesBuildPhase;
			buildActionMask = 2147483647;
			files = (
				9DB8C21E22F975810077D0AB /* NUConstraintsUtil.swift in Sources */,
				9D3477AC22F20DF20029BE85 /* CGUtil.swift in Sources */,
				9DF5F1C922ED904000A02DD4 /* AppDelegate.swift in Sources */,
				9DF5F1D022ED962A00A02DD4 /* BiPlatformExtensions.swift in Sources */,
				9D8113A822EE304000E29C0A /* ViewController.swift in Sources */,
				9DF5F1CF22ED962700A02DD4 /* DebugUtil.swift in Sources */,
			);
			runOnlyForDeploymentPostprocessing = 0;
		};
/* End PBXSourcesBuildPhase section */

/* Begin PBXVariantGroup section */
		9DF5F1A622ED8EDB00A02DD4 /* Main.storyboard */ = {
			isa = PBXVariantGroup;
			children = (
				9DF5F1A722ED8EDB00A02DD4 /* Base */,
			);
			name = Main.storyboard;
			sourceTree = "<group>";
		};
		9DF5F1AB22ED8EDC00A02DD4 /* LaunchScreen.storyboard */ = {
			isa = PBXVariantGroup;
			children = (
				9DF5F1AC22ED8EDC00A02DD4 /* Base */,
			);
			name = LaunchScreen.storyboard;
			sourceTree = "<group>";
		};
		9DF5F1C022ED8F4200A02DD4 /* Main.storyboard */ = {
			isa = PBXVariantGroup;
			children = (
				9DF5F1C122ED8F4200A02DD4 /* Base */,
			);
			name = Main.storyboard;
			sourceTree = "<group>";
		};
/* End PBXVariantGroup section */

/* Begin XCBuildConfiguration section */
		9DF5F1AF22ED8EDC00A02DD4 /* Debug */ = {
			isa = XCBuildConfiguration;
			buildSettings = {
				ALWAYS_SEARCH_USER_PATHS = NO;
				CLANG_ANALYZER_NONNULL = YES;
				CLANG_ANALYZER_NUMBER_OBJECT_CONVERSION = YES_AGGRESSIVE;
				CLANG_CXX_LANGUAGE_STANDARD = "gnu++14";
				CLANG_CXX_LIBRARY = "libc++";
				CLANG_ENABLE_MODULES = YES;
				CLANG_ENABLE_OBJC_ARC = YES;
				CLANG_ENABLE_OBJC_WEAK = YES;
				CLANG_WARN_BLOCK_CAPTURE_AUTORELEASING = YES;
				CLANG_WARN_BOOL_CONVERSION = YES;
				CLANG_WARN_COMMA = YES;
				CLANG_WARN_CONSTANT_CONVERSION = YES;
				CLANG_WARN_DEPRECATED_OBJC_IMPLEMENTATIONS = YES;
				CLANG_WARN_DIRECT_OBJC_ISA_USAGE = YES_ERROR;
				CLANG_WARN_DOCUMENTATION_COMMENTS = YES;
				CLANG_WARN_EMPTY_BODY = YES;
				CLANG_WARN_ENUM_CONVERSION = YES;
				CLANG_WARN_INFINITE_RECURSION = YES;
				CLANG_WARN_INT_CONVERSION = YES;
				CLANG_WARN_NON_LITERAL_NULL_CONVERSION = YES;
				CLANG_WARN_OBJC_IMPLICIT_RETAIN_SELF = YES;
				CLANG_WARN_OBJC_LITERAL_CONVERSION = YES;
				CLANG_WARN_OBJC_ROOT_CLASS = YES_ERROR;
				CLANG_WARN_RANGE_LOOP_ANALYSIS = YES;
				CLANG_WARN_STRICT_PROTOTYPES = YES;
				CLANG_WARN_SUSPICIOUS_MOVE = YES;
				CLANG_WARN_UNGUARDED_AVAILABILITY = YES_AGGRESSIVE;
				CLANG_WARN_UNREACHABLE_CODE = YES;
				CLANG_WARN__DUPLICATE_METHOD_MATCH = YES;
				CODE_SIGN_IDENTITY = "iPhone Developer";
				COPY_PHASE_STRIP = NO;
				DEBUG_INFORMATION_FORMAT = dwarf;
				ENABLE_STRICT_OBJC_MSGSEND = YES;
				ENABLE_TESTABILITY = YES;
				GCC_C_LANGUAGE_STANDARD = gnu11;
				GCC_DYNAMIC_NO_PIC = NO;
				GCC_NO_COMMON_BLOCKS = YES;
				GCC_OPTIMIZATION_LEVEL = 0;
				GCC_PREPROCESSOR_DEFINITIONS = (
					"DEBUG=1",
					"$(inherited)",
				);
				GCC_WARN_64_TO_32_BIT_CONVERSION = YES;
				GCC_WARN_ABOUT_RETURN_TYPE = YES_ERROR;
				GCC_WARN_UNDECLARED_SELECTOR = YES;
				GCC_WARN_UNINITIALIZED_AUTOS = YES_AGGRESSIVE;
				GCC_WARN_UNUSED_FUNCTION = YES;
				GCC_WARN_UNUSED_VARIABLE = YES;
				IPHONEOS_DEPLOYMENT_TARGET = 12.0;
				MTL_ENABLE_DEBUG_INFO = INCLUDE_SOURCE;
				MTL_FAST_MATH = YES;
				ONLY_ACTIVE_ARCH = YES;
				SDKROOT = iphoneos;
				SWIFT_ACTIVE_COMPILATION_CONDITIONS = DEBUG;
				SWIFT_OPTIMIZATION_LEVEL = "-Onone";
			};
			name = Debug;
		};
		9DF5F1B022ED8EDC00A02DD4 /* Release */ = {
			isa = XCBuildConfiguration;
			buildSettings = {
				ALWAYS_SEARCH_USER_PATHS = NO;
				CLANG_ANALYZER_NONNULL = YES;
				CLANG_ANALYZER_NUMBER_OBJECT_CONVERSION = YES_AGGRESSIVE;
				CLANG_CXX_LANGUAGE_STANDARD = "gnu++14";
				CLANG_CXX_LIBRARY = "libc++";
				CLANG_ENABLE_MODULES = YES;
				CLANG_ENABLE_OBJC_ARC = YES;
				CLANG_ENABLE_OBJC_WEAK = YES;
				CLANG_WARN_BLOCK_CAPTURE_AUTORELEASING = YES;
				CLANG_WARN_BOOL_CONVERSION = YES;
				CLANG_WARN_COMMA = YES;
				CLANG_WARN_CONSTANT_CONVERSION = YES;
				CLANG_WARN_DEPRECATED_OBJC_IMPLEMENTATIONS = YES;
				CLANG_WARN_DIRECT_OBJC_ISA_USAGE = YES_ERROR;
				CLANG_WARN_DOCUMENTATION_COMMENTS = YES;
				CLANG_WARN_EMPTY_BODY = YES;
				CLANG_WARN_ENUM_CONVERSION = YES;
				CLANG_WARN_INFINITE_RECURSION = YES;
				CLANG_WARN_INT_CONVERSION = YES;
				CLANG_WARN_NON_LITERAL_NULL_CONVERSION = YES;
				CLANG_WARN_OBJC_IMPLICIT_RETAIN_SELF = YES;
				CLANG_WARN_OBJC_LITERAL_CONVERSION = YES;
				CLANG_WARN_OBJC_ROOT_CLASS = YES_ERROR;
				CLANG_WARN_RANGE_LOOP_ANALYSIS = YES;
				CLANG_WARN_STRICT_PROTOTYPES = YES;
				CLANG_WARN_SUSPICIOUS_MOVE = YES;
				CLANG_WARN_UNGUARDED_AVAILABILITY = YES_AGGRESSIVE;
				CLANG_WARN_UNREACHABLE_CODE = YES;
				CLANG_WARN__DUPLICATE_METHOD_MATCH = YES;
				CODE_SIGN_IDENTITY = "iPhone Developer";
				COPY_PHASE_STRIP = NO;
				DEBUG_INFORMATION_FORMAT = "dwarf-with-dsym";
				ENABLE_NS_ASSERTIONS = NO;
				ENABLE_STRICT_OBJC_MSGSEND = YES;
				GCC_C_LANGUAGE_STANDARD = gnu11;
				GCC_NO_COMMON_BLOCKS = YES;
				GCC_WARN_64_TO_32_BIT_CONVERSION = YES;
				GCC_WARN_ABOUT_RETURN_TYPE = YES_ERROR;
				GCC_WARN_UNDECLARED_SELECTOR = YES;
				GCC_WARN_UNINITIALIZED_AUTOS = YES_AGGRESSIVE;
				GCC_WARN_UNUSED_FUNCTION = YES;
				GCC_WARN_UNUSED_VARIABLE = YES;
				IPHONEOS_DEPLOYMENT_TARGET = 12.0;
				MTL_ENABLE_DEBUG_INFO = NO;
				MTL_FAST_MATH = YES;
				SDKROOT = iphoneos;
				SWIFT_COMPILATION_MODE = wholemodule;
				SWIFT_OPTIMIZATION_LEVEL = "-O";
				VALIDATE_PRODUCT = YES;
			};
			name = Release;
		};
		9DF5F1B222ED8EDC00A02DD4 /* Debug */ = {
			isa = XCBuildConfiguration;
			buildSettings = {
				ASSETCATALOG_COMPILER_APPICON_NAME = AppIcon;
				CODE_SIGN_STYLE = Automatic;
				DEVELOPMENT_TEAM = LHA84NAPNA;
				INFOPLIST_FILE = "$(SRCROOT)/BiPiOS/Info.plist";
				LD_RUNPATH_SEARCH_PATHS = (
					"$(inherited)",
					"@executable_path/Frameworks",
				);
				PRODUCT_BUNDLE_IDENTIFIER = rudifa.BiPlatform;
				PRODUCT_NAME = "$(TARGET_NAME)";
				SWIFT_VERSION = 5.0;
				TARGETED_DEVICE_FAMILY = "1,2";
			};
			name = Debug;
		};
		9DF5F1B322ED8EDC00A02DD4 /* Release */ = {
			isa = XCBuildConfiguration;
			buildSettings = {
				ASSETCATALOG_COMPILER_APPICON_NAME = AppIcon;
				CODE_SIGN_STYLE = Automatic;
				DEVELOPMENT_TEAM = LHA84NAPNA;
				INFOPLIST_FILE = "$(SRCROOT)/BiPiOS/Info.plist";
				LD_RUNPATH_SEARCH_PATHS = (
					"$(inherited)",
					"@executable_path/Frameworks",
				);
				PRODUCT_BUNDLE_IDENTIFIER = rudifa.BiPlatform;
				PRODUCT_NAME = "$(TARGET_NAME)";
				SWIFT_VERSION = 5.0;
				TARGETED_DEVICE_FAMILY = "1,2";
			};
			name = Release;
		};
		9DF5F1C622ED8F4200A02DD4 /* Debug */ = {
			isa = XCBuildConfiguration;
			buildSettings = {
				ASSETCATALOG_COMPILER_APPICON_NAME = AppIcon;
				CODE_SIGN_ENTITLEMENTS = BiPmacOS/BiPmacOS.entitlements;
				CODE_SIGN_IDENTITY = "Mac Developer";
				CODE_SIGN_STYLE = Automatic;
				COMBINE_HIDPI_IMAGES = YES;
				DEVELOPMENT_TEAM = LHA84NAPNA;
				INFOPLIST_FILE = "$(SRCROOT)/BiPmacOS/Info.plist";
				LD_RUNPATH_SEARCH_PATHS = (
					"$(inherited)",
					"@executable_path/../Frameworks",
				);
				MACOSX_DEPLOYMENT_TARGET = 10.14;
				PRODUCT_BUNDLE_IDENTIFIER = rudifa.BiPlatformMacOS;
				PRODUCT_NAME = "$(TARGET_NAME)";
				SDKROOT = macosx;
				SWIFT_VERSION = 5.0;
			};
			name = Debug;
		};
		9DF5F1C722ED8F4200A02DD4 /* Release */ = {
			isa = XCBuildConfiguration;
			buildSettings = {
				ASSETCATALOG_COMPILER_APPICON_NAME = AppIcon;
				CODE_SIGN_ENTITLEMENTS = BiPmacOS/BiPmacOS.entitlements;
				CODE_SIGN_IDENTITY = "Mac Developer";
				CODE_SIGN_STYLE = Automatic;
				COMBINE_HIDPI_IMAGES = YES;
				DEVELOPMENT_TEAM = LHA84NAPNA;
				INFOPLIST_FILE = "$(SRCROOT)/BiPmacOS/Info.plist";
				LD_RUNPATH_SEARCH_PATHS = (
					"$(inherited)",
					"@executable_path/../Frameworks",
				);
				MACOSX_DEPLOYMENT_TARGET = 10.14;
				PRODUCT_BUNDLE_IDENTIFIER = rudifa.BiPlatformMacOS;
				PRODUCT_NAME = "$(TARGET_NAME)";
				SDKROOT = macosx;
				SWIFT_VERSION = 5.0;
			};
			name = Release;
		};
/* End XCBuildConfiguration section */

/* Begin XCConfigurationList section */
		9DF5F19A22ED8EDB00A02DD4 /* Build configuration list for PBXProject "SwiftUtilBiP" */ = {
			isa = XCConfigurationList;
			buildConfigurations = (
				9DF5F1AF22ED8EDC00A02DD4 /* Debug */,
				9DF5F1B022ED8EDC00A02DD4 /* Release */,
			);
			defaultConfigurationIsVisible = 0;
			defaultConfigurationName = Release;
		};
		9DF5F1B122ED8EDC00A02DD4 /* Build configuration list for PBXNativeTarget "SwiftUtilBiPIOS" */ = {
			isa = XCConfigurationList;
			buildConfigurations = (
				9DF5F1B222ED8EDC00A02DD4 /* Debug */,
				9DF5F1B322ED8EDC00A02DD4 /* Release */,
			);
			defaultConfigurationIsVisible = 0;
			defaultConfigurationName = Release;
		};
		9DF5F1C522ED8F4200A02DD4 /* Build configuration list for PBXNativeTarget "SwiftUtilBiPMacOS" */ = {
			isa = XCConfigurationList;
			buildConfigurations = (
				9DF5F1C622ED8F4200A02DD4 /* Debug */,
				9DF5F1C722ED8F4200A02DD4 /* Release */,
			);
			defaultConfigurationIsVisible = 0;
			defaultConfigurationName = Release;
		};
/* End XCConfigurationList section */
	};
	rootObject = 9DF5F19722ED8EDB00A02DD4 /* Project object */;
}
